# fluxor.lock — generated, edit via `fluxor update`
# Pinned store artifacts: one [[artifact]] entry per resolved digest.

[[artifact]]
kind = "module"
name = "admission"
project = "clustor"
target = "bcm2712"
digest = "sha256:bdc02971c7ce0a93a019d3e49de14d26830319270d8c82d7a0cda04c11652e08"
reference = "bcm2712/admission:0.0.1"

[[artifact]]
kind = "module"
name = "clustor_cli"
project = "clustor"
target = "bcm2712"
digest = "sha256:3e5dd4ac59ff194ee658b8787e44e76f13c2b616a630b339d9e02cdfb36c80c8"
reference = "bcm2712/clustor_cli:0.0.1"

[[artifact]]
kind = "module"
name = "consensus"
project = "clustor"
target = "bcm2712"
digest = "sha256:cb4d4b7cbe309e0872aa9e5875a972b57dfbac517cfe157861454046ecc7d37e"
reference = "bcm2712/consensus:0.0.1"

[[artifact]]
kind = "module"
name = "consensus_bench"
project = "clustor"
target = "bcm2712"
digest = "sha256:7c42f0699e9d4f42f626f0d148f765658a2bd35ed291604c619d18d2797cc110"
reference = "bcm2712/consensus_bench:0.0.1"

[[artifact]]
kind = "module"
name = "control_plane"
project = "clustor"
target = "bcm2712"
digest = "sha256:e2276c6364d9544e7ae98d4c5d3a76a5d06860515dcef2265ee7749335ead891"
reference = "bcm2712/control_plane:0.0.1"

[[artifact]]
kind = "module"
name = "durability"
project = "clustor"
target = "bcm2712"
digest = "sha256:838031ad5317fb4d05bce95c7fc33838d7a506d7694c96d7444f40fdff225aee"
reference = "bcm2712/durability:0.0.1"

[[artifact]]
kind = "module"
name = "durability-volatile"
project = "clustor"
target = "bcm2712"
digest = "sha256:45f3cdde17ea37b1b2db88c92d07a121b9e8e436ade12b303a59d9b874c5152e"
reference = "bcm2712/durability-volatile:0.0.1"

[[artifact]]
kind = "module"
name = "example_consumer"
project = "clustor"
target = "bcm2712"
digest = "sha256:bab6056d2457411fcaded218dd94f7ff347b0fbe9d0671729a1057de6f54d03d"
reference = "bcm2712/example_consumer:0.0.1"

[[artifact]]
kind = "module"
name = "gateway"
project = "clustor"
target = "bcm2712"
digest = "sha256:0114ec3e233609ac4f867bc62addd6da8553e0d279c292ddf32e621bceeeba67"
reference = "bcm2712/gateway:0.0.1"

[[artifact]]
kind = "module"
name = "nvme_bench"
project = "clustor"
target = "bcm2712"
digest = "sha256:cf361f0ceb92932b68e474693a7b890a59c79541043ffa946787607ee7a806d6"
reference = "bcm2712/nvme_bench:0.0.1"

[[artifact]]
kind = "module"
name = "operations"
project = "clustor"
target = "bcm2712"
digest = "sha256:34f036d1985d40af33468012098a56a6c1415e3bdf6cdd24b9c2e11450c4b7cb"
reference = "bcm2712/operations:0.0.1"

[[artifact]]
kind = "module"
name = "operations-headless"
project = "clustor"
target = "bcm2712"
digest = "sha256:c3b00264c8e2fb2aae71a2421fe8b754ef4fd9b180ff159ec92d89fed9bf8532"
reference = "bcm2712/operations-headless:0.0.1"

[[artifact]]
kind = "module"
name = "partition_router"
project = "clustor"
target = "bcm2712"
digest = "sha256:40281a895f440f2dc588d4dddaa6b425dd3b0c7736b528677f3d64890f8b1d75"
reference = "bcm2712/partition_router:0.0.1"

[[artifact]]
kind = "module"
name = "peer_router"
project = "clustor"
target = "bcm2712"
digest = "sha256:f2c7da5485ff643899927890407fd7197e4aea7fd50560703637df3c2f126467"
reference = "bcm2712/peer_router:0.0.1"

[[artifact]]
kind = "module"
name = "session_directory"
project = "clustor"
target = "bcm2712"
digest = "sha256:cf6d753c6da0cf6bf2f4946f424a9d507bf009b6b20bf2e48eb5c8fbb1d55b10"
reference = "bcm2712/session_directory:0.0.1"

[[artifact]]
kind = "module"
name = "conn_demux"
project = "fluxor"
target = "bcm2712"
digest = "sha256:1bcd3c50373089d774169237934d576bab276403757672a92b4500b6e851a138"
reference = "bcm2712/conn_demux:0.0.1"

[[artifact]]
kind = "module"
name = "conn_guard"
project = "fluxor"
target = "bcm2712"
digest = "sha256:7dd8b6f98e46eece3d2ba69b73135be9e238cc2b6eb62b0cc0c7b3a34710186a"
reference = "bcm2712/conn_guard:0.0.1"

[[artifact]]
kind = "module"
name = "debug"
project = "fluxor"
target = "bcm2712"
digest = "sha256:9ac6fbfdaaa895a296f4c81b5f8c082c28f8f618eb2aec94f04539c1de53c054"
reference = "bcm2712/debug:0.0.1"

[[artifact]]
kind = "module"
name = "demux"
project = "fluxor"
target = "bcm2712"
digest = "sha256:178519849fe63e30d154e58d20d826a5f102f476e2df2dd7718c69f2de104d10"
reference = "bcm2712/demux:0.0.1"

[[artifact]]
kind = "module"
name = "dma_probe"
project = "fluxor"
target = "bcm2712"
digest = "sha256:9cbd77251a30cfbe385cde12b6fa4db4ca0feb6c91c4ca63b1ba42733b777c9a"
reference = "bcm2712/dma_probe:0.0.1"

[[artifact]]
kind = "module"
name = "dns"
project = "fluxor"
target = "bcm2712"
digest = "sha256:e195ccce3420e520df3c7880a32f8bba3dcb64fe12feb51d80f56c63672da807"
reference = "bcm2712/dns:0.0.1"

[[artifact]]
kind = "module"
name = "e810"
project = "fluxor"
target = "bcm2712"
digest = "sha256:7e29bee6bd1df7ee1453adb356c17b383986b255dab00b80974da7e9f23885f4"
reference = "bcm2712/e810:0.0.1"

[[artifact]]
kind = "module"
name = "echo_anchor"
project = "fluxor"
target = "bcm2712"
digest = "sha256:4f0334d569bf5c2e6a03a02c4aa2ce2679486805e4b04a70382e6b6e76ba8a05"
reference = "bcm2712/echo_anchor:0.0.1"

[[artifact]]
kind = "module"
name = "echo_worker"
project = "fluxor"
target = "bcm2712"
digest = "sha256:ce5b386c0dd6061c8c88281305468408e70f90974e7ce41794153b7ba9aab8f7"
reference = "bcm2712/echo_worker:0.0.1"

[[artifact]]
kind = "module"
name = "eth_parser"
project = "fluxor"
target = "bcm2712"
digest = "sha256:3f70896386e9f48c345009cb89b9f216c7f15d9aaa0694010de7c4c32d129f80"
reference = "bcm2712/eth_parser:0.0.1"

[[artifact]]
kind = "module"
name = "fat32"
project = "fluxor"
target = "bcm2712"
digest = "sha256:4f40439ed894cd5b1661fed1db2a7d6538f4a01af390ca3776e0ee3d069dd7b8"
reference = "bcm2712/fat32:0.0.1"

[[artifact]]
kind = "module"
name = "fat32_seed"
project = "fluxor"
target = "bcm2712"
digest = "sha256:ad2e8eaf8adef5d61968464d1b4b71829c7e3148ceb1acdbaee01280f282dbbb"
reference = "bcm2712/fat32_seed:0.0.1"

[[artifact]]
kind = "module"
name = "fs_bank"
project = "fluxor"
target = "bcm2712"
digest = "sha256:ed17a8f522ac51e40880e46f858c4837c2a3f0f60b3b5136fa71411030d79fe5"
reference = "bcm2712/fs_bank:0.0.1"

[[artifact]]
kind = "module"
name = "fs_selftest"
project = "fluxor"
target = "bcm2712"
digest = "sha256:c19c669e6fab327a7f7d2a8fda2541106c45783c6ac70707686b7a04b75baf32"
reference = "bcm2712/fs_selftest:0.0.1"

[[artifact]]
kind = "module"
name = "fs_tap"
project = "fluxor"
target = "bcm2712"
digest = "sha256:333b9832918c74bbd26b6f96e21dd2150009c4368f64def007a4109624b1087f"
reference = "bcm2712/fs_tap:0.0.1"

[[artifact]]
kind = "module"
name = "gallery_stage"
project = "fluxor"
target = "bcm2712"
digest = "sha256:89a7433a5b9a2e045a4ce0f6e1cb9ca714c7f9e92dae146cc1ae4a16388b011e"
reference = "bcm2712/gallery_stage:0.0.1"

[[artifact]]
kind = "module"
name = "gesture"
project = "fluxor"
target = "bcm2712"
digest = "sha256:58bae2cfaf94539f3426e8c0906b8f52c969c56ebd519ad4b5ca738d4506201e"
reference = "bcm2712/gesture:0.0.1"

[[artifact]]
kind = "module"
name = "ip"
project = "fluxor"
target = "bcm2712"
digest = "sha256:d6408a6118c5f637fc802ac22447a898209924953d7e4fd2f26ee04140a8cf6c"
reference = "bcm2712/ip:0.0.1"

[[artifact]]
kind = "module"
name = "iso_heap"
project = "fluxor"
target = "bcm2712"
digest = "sha256:562e227012f7203bd6bb9404d8584d10f0479c0135e813bfb7f53960786d1153"
reference = "bcm2712/iso_heap:0.0.1"

[[artifact]]
kind = "module"
name = "iso_probe"
project = "fluxor"
target = "bcm2712"
digest = "sha256:2b17f549573f32481463d35430fd280b0d0349cd4405ce917b149f9f6fbac72d"
reference = "bcm2712/iso_probe:0.0.1"

[[artifact]]
kind = "module"
name = "iso_transform"
project = "fluxor"
target = "bcm2712"
digest = "sha256:45977f2605fcb3abfecca1929b71a1f305a8cdf65de7e0859646cf507dee3749"
reference = "bcm2712/iso_transform:0.0.1"

[[artifact]]
kind = "module"
name = "kv_store"
project = "fluxor"
target = "bcm2712"
digest = "sha256:3e84983b5852faabf31035840a47550a6bb6aec7bd7f90d7f9fd8d199def3199"
reference = "bcm2712/kv_store:0.0.1"

[[artifact]]
kind = "module"
name = "load_gen"
project = "fluxor"
target = "bcm2712"
digest = "sha256:7668e938181b29926ecd00af6d004a5878aa7f6b435145f6fa7a984ae5f3b350"
reference = "bcm2712/load_gen:0.0.1"

[[artifact]]
kind = "module"
name = "log_net"
project = "fluxor"
target = "bcm2712"
digest = "sha256:8a7db7c4fa8d3a0baf29ef0014a0348b098af0d2ed6ae8d04791217165d1e894"
reference = "bcm2712/log_net:0.0.1"

[[artifact]]
kind = "module"
name = "mem_ns"
project = "fluxor"
target = "bcm2712"
digest = "sha256:0e95847d57d93e992fed96e879d589491b68499a8122bde7a6c852e63eb89bfb"
reference = "bcm2712/mem_ns:0.0.1"

[[artifact]]
kind = "module"
name = "monitor"
project = "fluxor"
target = "bcm2712"
digest = "sha256:9acabb8b2306814fdf16116b2a9a4458f94b2707f1714f56d6be19903dcb0a0a"
reference = "bcm2712/monitor:0.0.1"

[[artifact]]
kind = "module"
name = "mount"
project = "fluxor"
target = "bcm2712"
digest = "sha256:a118bcbd99991eb1d759e28b7b355877cdbfb393a0847c35c8f6e69f5a49196e"
reference = "bcm2712/mount:0.0.1"

[[artifact]]
kind = "module"
name = "mux_echo"
project = "fluxor"
target = "bcm2712"
digest = "sha256:49c4ce4aee3ac5c03675a298b3d4414edd094ec0ab68f745ca2eaa645f84dd7b"
reference = "bcm2712/mux_echo:0.0.1"

[[artifact]]
kind = "module"
name = "nvme"
project = "fluxor"
target = "bcm2712"
digest = "sha256:c04bc871b26ea63d5ffa907ab2fee744130c80f996551415a17ef9a168e20035"
reference = "bcm2712/nvme:0.0.1"

[[artifact]]
kind = "module"
name = "nvme_arena_probe"
project = "fluxor"
target = "bcm2712"
digest = "sha256:7de10e5968ce85b86f1d1bca491e4bf70f9f245ef00a26adcbb146d255019c0a"
reference = "bcm2712/nvme_arena_probe:0.0.1"

[[artifact]]
kind = "module"
name = "nvme_perf_probe"
project = "fluxor"
target = "bcm2712"
digest = "sha256:3f96cebf92979dc7b3b8d64421d23a8b082bc263ab83c0819641661996feb158"
reference = "bcm2712/nvme_perf_probe:0.0.1"

[[artifact]]
kind = "module"
name = "object_bank"
project = "fluxor"
target = "bcm2712"
digest = "sha256:ca6e9b27045f4ebad63a714068f625e0cf25e194ff96a5f3b8a4aba6841422e5"
reference = "bcm2712/object_bank:0.0.1"

[[artifact]]
kind = "module"
name = "observe"
project = "fluxor"
target = "bcm2712"
digest = "sha256:57418e79c4f0c9c8af097579dd224617df4fe7a4ef324ed6647fa47d03db9ef2"
reference = "bcm2712/observe:0.0.1"

[[artifact]]
kind = "module"
name = "ota_registry"
project = "fluxor"
target = "bcm2712"
digest = "sha256:30b2d3dfd512b78a242153223fc82e76f2373bfd5321325e2d752976c0c6a64f"
reference = "bcm2712/ota_registry:0.0.1"

[[artifact]]
kind = "module"
name = "otel"
project = "fluxor"
target = "bcm2712"
digest = "sha256:c82f758f3b03a65512b14e960ccd355b7d55cf3a8019211502e4ba22ac3e7c0f"
reference = "bcm2712/otel:0.0.1"

[[artifact]]
kind = "module"
name = "panel_surface_traits"
project = "fluxor"
target = "bcm2712"
digest = "sha256:a2d0dad13b5cb522e785c9670e0dd4306628d1439256f257fc272d27987413f7"
reference = "bcm2712/panel_surface_traits:0.0.1"

[[artifact]]
kind = "module"
name = "pause_driver"
project = "fluxor"
target = "bcm2712"
digest = "sha256:df83896e467f7df98befcacef058f2c7266e169dd2dd7843a696ebb64ad574a5"
reference = "bcm2712/pause_driver:0.0.1"

[[artifact]]
kind = "module"
name = "pause_probe"
project = "fluxor"
target = "bcm2712"
digest = "sha256:d0e1db6fb66c6e727c31cc33be7d956925ec69bae255e4ce948081c9586a3fd9"
reference = "bcm2712/pause_probe:0.0.1"

[[artifact]]
kind = "module"
name = "pcie_scan"
project = "fluxor"
target = "bcm2712"
digest = "sha256:15d538397ebb4cc950a4abab7c29d3e1bde2fe874a3081cc05acd5c8b35e9829"
reference = "bcm2712/pcie_scan:0.0.1"

[[artifact]]
kind = "module"
name = "pkt_filter"
project = "fluxor"
target = "bcm2712"
digest = "sha256:4a99822ed53edc0bb2236d6e1cfc18494b036f400defc3db2ab6018ed51f3799"
reference = "bcm2712/pkt_filter:0.0.1"

[[artifact]]
kind = "module"
name = "presentation_resolver"
project = "fluxor"
target = "bcm2712"
digest = "sha256:a827bf8cd9c04aaca5cbb31e612d38ebefddde5313c1a9cb368af222cf7fc3ec"
reference = "bcm2712/presentation_resolver:0.0.1"

[[artifact]]
kind = "module"
name = "quic"
project = "fluxor"
target = "bcm2712"
digest = "sha256:077c9428d55b56eb5ed5e5c8dde9631f63dc5a2d60a016cc7a84ede645c7e021"
reference = "bcm2712/quic:0.0.1"

[[artifact]]
kind = "module"
name = "reconfigure"
project = "fluxor"
target = "bcm2712"
digest = "sha256:41545e497ae776de1dfccc91324e25b3d83c0df5f88d23b1b809dd7ba796a7ae"
reference = "bcm2712/reconfigure:0.0.1"

[[artifact]]
kind = "module"
name = "remote_channel"
project = "fluxor"
target = "bcm2712"
digest = "sha256:a52b3279af408d316873025fb63ec25df64e742be95970e2e477470e5af3ea27"
reference = "bcm2712/remote_channel:0.0.1"

[[artifact]]
kind = "module"
name = "rp1_gem"
project = "fluxor"
target = "bcm2712"
digest = "sha256:7d50a07011526b98d97ef741fa798f9e1bee0a998e02e89989c8b5fa5d2c1c2c"
reference = "bcm2712/rp1_gem:0.0.1"

[[artifact]]
kind = "module"
name = "smmu"
project = "fluxor"
target = "bcm2712"
digest = "sha256:5a8b9acd62ac8a851b40dcc5f54d599c695669368dce3cc13e2c455786521d26"
reference = "bcm2712/smmu:0.0.1"

[[artifact]]
kind = "module"
name = "synth_source"
project = "fluxor"
target = "bcm2712"
digest = "sha256:eaac6645eecd7deed9999e63da81bd1da4469dc05af3808ce30121b81a1b7683"
reference = "bcm2712/synth_source:0.0.1"

[[artifact]]
kind = "module"
name = "test_fault"
project = "fluxor"
target = "bcm2712"
digest = "sha256:111892ceb12bbbed2a5cb915b077104928587f19031f8dc1bf39065006d5c523"
reference = "bcm2712/test_fault:0.0.1"

[[artifact]]
kind = "module"
name = "tier2_probe"
project = "fluxor"
target = "bcm2712"
digest = "sha256:b46da6f8e15b5598782eac407b70d22df82be2b9f240300ff10b2ee7c571edd4"
reference = "bcm2712/tier2_probe:0.0.1"

[[artifact]]
kind = "module"
name = "tls"
project = "fluxor"
target = "bcm2712"
digest = "sha256:4a247393f3565af81f7d042f277c5258a1e83728ebc0c6aec52e90ed74b2b69e"
reference = "bcm2712/tls:0.0.1"

[[artifact]]
kind = "module"
name = "transport_buffer"
project = "fluxor"
target = "bcm2712"
digest = "sha256:c7f54e627a9cbc43324434fe85937ee0538471f1a146260ddfadc4ca11c52d3d"
reference = "bcm2712/transport_buffer:0.0.1"

[[artifact]]
kind = "module"
name = "usb_midi_host"
project = "fluxor"
target = "bcm2712"
digest = "sha256:1c74688311d8ac342fa1ac5f415be960436c88c9d3df2c3c00ba1c307b60cc19"
reference = "bcm2712/usb_midi_host:0.0.1"

[[artifact]]
kind = "module"
name = "virtio_net"
project = "fluxor"
target = "bcm2712"
digest = "sha256:e6a1bf596208207c0a3154a9574e0305f7f7747952304b8ed7f41d0a2d78f5ee"
reference = "bcm2712/virtio_net:0.0.1"

[[artifact]]
kind = "module"
name = "wake_snk"
project = "fluxor"
target = "bcm2712"
digest = "sha256:d323f3b78e6d7ab1f0da736fbb3462e6ef5b047a9b914c8fcbcc1c480295cb1b"
reference = "bcm2712/wake_snk:0.0.1"

[[artifact]]
kind = "module"
name = "wake_src"
project = "fluxor"
target = "bcm2712"
digest = "sha256:e2e34b5060f0db9ef48ea5fd05f1a963be039959e228a233f75aa39bb61abe83"
reference = "bcm2712/wake_src:0.0.1"

[[artifact]]
kind = "module"
name = "authcode"
project = "kagi"
target = "bcm2712"
digest = "sha256:2618ad09ca854e702951f94fc4ad9ff0d888ff79c4d62915356c4fca4ff1a24b"
reference = "bcm2712/authcode:0.0.1"

[[artifact]]
kind = "module"
name = "certificate_endpoint"
project = "kagi"
target = "bcm2712"
digest = "sha256:9de6c2f0b1d71dacfea6f63ec9771444ba11d9aade2e3f7d163eccab273c3655"
reference = "bcm2712/certificate_endpoint:0.0.1"

[[artifact]]
kind = "module"
name = "control_admission"
project = "kagi"
target = "bcm2712"
digest = "sha256:1ff9682ecfa6f8c131b048da408e22b90120d2faa26406531982bef8d65dcd18"
reference = "bcm2712/control_admission:0.0.1"

[[artifact]]
kind = "module"
name = "e2ee_credential_endpoint"
project = "kagi"
target = "bcm2712"
digest = "sha256:682750d27336963862b933cdfeb2d809d9f4c443bdfcafbc0f6598a8dd00fd9d"
reference = "bcm2712/e2ee_credential_endpoint:0.0.1"

[[artifact]]
kind = "module"
name = "e2ee_router"
project = "kagi"
target = "bcm2712"
digest = "sha256:8add61251794b68174218ec7d3078545d690b706bf5fe6e7098434a3cf4f6110"
reference = "bcm2712/e2ee_router:0.0.1"

[[artifact]]
kind = "module"
name = "e2ee_state_endpoint"
project = "kagi"
target = "bcm2712"
digest = "sha256:cf6af7bc993ed53ac7a79f40af535bb7997329d4844abffb983e5dc1c7400afd"
reference = "bcm2712/e2ee_state_endpoint:0.0.1"

[[artifact]]
kind = "module"
name = "enrollment_endpoint"
project = "kagi"
target = "bcm2712"
digest = "sha256:493eb3a177859bf8a45b27af16387a225c2c3d45c84297d5a9b453399031c0ed"
reference = "bcm2712/enrollment_endpoint:0.0.1"

[[artifact]]
kind = "module"
name = "keypackage_endpoint"
project = "kagi"
target = "bcm2712"
digest = "sha256:5d63091033d1674dc7635c11a94dcf3439e895028dcb6a9b92f0b58e36a27829"
reference = "bcm2712/keypackage_endpoint:0.0.1"

[[artifact]]
kind = "module"
name = "mint_admission"
project = "kagi"
target = "bcm2712"
digest = "sha256:e764e06e040fd577071afc666e915e4fb3421e3e3789f2b29309c00e377bc1a4"
reference = "bcm2712/mint_admission:0.0.1"

[[artifact]]
kind = "module"
name = "resource_gate"
project = "kagi"
target = "bcm2712"
digest = "sha256:6e0675c8fd00a41e5e469b24031d1c96b992e8fe49e3df53a5f27a61dbeac8e9"
reference = "bcm2712/resource_gate:0.0.1"

[[artifact]]
kind = "module"
name = "secret_store"
project = "kagi"
target = "bcm2712"
digest = "sha256:e5dce76a52ed5b3f20b3cc2e3918578a55d632bb0babe08394178e1181667aaa"
reference = "bcm2712/secret_store:0.0.1"

[[artifact]]
kind = "module"
name = "security_state"
project = "kagi"
target = "bcm2712"
digest = "sha256:3733000e4d9d4135c9127e95ab8508e4c9ed57ac9159b0855ff9fdab0317840f"
reference = "bcm2712/security_state:0.0.1"

[[artifact]]
kind = "module"
name = "token_endpoint"
project = "kagi"
target = "bcm2712"
digest = "sha256:e675b2bdc78b7382a0587c529c545fd4546407437a7ed1b9a0b7be30ed66fddc"
reference = "bcm2712/token_endpoint:0.0.1"

[[artifact]]
kind = "module"
name = "token_mint"
project = "kagi"
target = "bcm2712"
digest = "sha256:973c501b2b1b0133d487743d22ec22415d5950dcda67831913cd80ade19d4b11"
reference = "bcm2712/token_mint:0.0.1"

[[artifact]]
kind = "module"
name = "token_verify"
project = "kagi"
target = "bcm2712"
digest = "sha256:9d0d8e3555b50442205a9aab4f50b2a5c081b5689099619afca303f7e45f70b2"
reference = "bcm2712/token_verify:0.0.1"

[[artifact]]
kind = "module"
name = "wellknown_endpoint"
project = "kagi"
target = "bcm2712"
digest = "sha256:0dc8049b696b6b8a609a39194e44d38b722b1691769e686b89aaee4f7085c6a3"
reference = "bcm2712/wellknown_endpoint:0.0.1"

[[artifact]]
kind = "module"
name = "adapter_metrics"
project = "lattice"
target = "bcm2712"
digest = "sha256:9b4db14fc282f4d2b78813bdeb9753ace6a396f35ec8ca11e6d62e40fdd4369c"
reference = "bcm2712/adapter_metrics:0.0.1"

[[artifact]]
kind = "module"
name = "auth_manager"
project = "lattice"
target = "bcm2712"
digest = "sha256:618fc2d3f2ac0c05c3f3124b747dbbced0ba2302bd41b3be3ff2c59228b67c6a"
reference = "bcm2712/auth_manager:0.0.1"

[[artifact]]
kind = "module"
name = "backup_coordinator"
project = "lattice"
target = "bcm2712"
digest = "sha256:662b2476d3159518ed087cbd2942689f9b4e7f8ebe7b8a63bf55dfe337240de2"
reference = "bcm2712/backup_coordinator:0.0.1"

[[artifact]]
kind = "module"
name = "cassandra_client"
project = "lattice"
target = "bcm2712"
digest = "sha256:1961ab6943875b4536a4127ca3926aec694c89aa83e3dd5109fa11c7d7c72a1e"
reference = "bcm2712/cassandra_client:0.0.1"

[[artifact]]
kind = "module"
name = "cdc_pump"
project = "lattice"
target = "bcm2712"
digest = "sha256:68f0ee8ed764858a74818226024ea52d8889c2f34e7b933f2050b88c6f621763"
reference = "bcm2712/cdc_pump:0.0.1"

[[artifact]]
kind = "module"
name = "compaction_coordinator"
project = "lattice"
target = "bcm2712"
digest = "sha256:78086f331c73d3eeb63a1060d16a6e081e0f90c736318beeaf53b8491a6b045c"
reference = "bcm2712/compaction_coordinator:0.0.1"

[[artifact]]
kind = "module"
name = "doc_edge_anchor"
project = "lattice"
target = "bcm2712"
digest = "sha256:a1515001c41ae80028dbeda6cf02d31559069ab4a7688f9ab7a21d741dfa6b3f"
reference = "bcm2712/doc_edge_anchor:0.0.1"

[[artifact]]
kind = "module"
name = "etcd_edge_anchor"
project = "lattice"
target = "bcm2712"
digest = "sha256:88de47fbec4c050fd89179d00f47e4689ae5fd7831366f2aba4f2d21a71a5ad0"
reference = "bcm2712/etcd_edge_anchor:0.0.1"

[[artifact]]
kind = "module"
name = "index_backfill"
project = "lattice"
target = "bcm2712"
digest = "sha256:0fc262e8838563f47b4addcbf31c988b1617d8f6fccf73cd6237a4258288b8e2"
reference = "bcm2712/index_backfill:0.0.1"

[[artifact]]
kind = "module"
name = "kv_request_router"
project = "lattice"
target = "bcm2712"
digest = "sha256:e09e866d2c515ea01573b4097d0fffceb0ac362e74ec8c638b984b5f20067b2f"
reference = "bcm2712/kv_request_router:0.0.1"

[[artifact]]
kind = "module"
name = "kv_state_worker"
project = "lattice"
target = "bcm2712"
digest = "sha256:7c472bdbca211f574a87c33eaac57dbde53fa749005fbe41f75c30321c40053b"
reference = "bcm2712/kv_state_worker:0.0.1"

[[artifact]]
kind = "module"
name = "lattice_apply_bridge"
project = "lattice"
target = "bcm2712"
digest = "sha256:c744536c77a1b1c52882e677ebcaa2a227fe4aea7883c37436355a01800c11e9"
reference = "bcm2712/lattice_apply_bridge:0.0.1"

[[artifact]]
kind = "module"
name = "lattice_data_anchor"
project = "lattice"
target = "bcm2712"
digest = "sha256:e01fdfba5a60d62073d3c216836c4ad76fb8e088ed73701f91c5e282d6487b6b"
reference = "bcm2712/lattice_data_anchor:0.0.1"

[[artifact]]
kind = "module"
name = "lattice_data_client"
project = "lattice"
target = "bcm2712"
digest = "sha256:cf8f7d210595201e21d3b26cae119cf4ce112745bd9a7e4a5b38d6f6bac0b737"
reference = "bcm2712/lattice_data_client:0.0.1"

[[artifact]]
kind = "module"
name = "lease_manager"
project = "lattice"
target = "bcm2712"
digest = "sha256:35b8c74c5fda966127d847bb7d0b0a8e270b6d1dd6eaf684841c8f64c2a493ec"
reference = "bcm2712/lease_manager:0.0.1"

[[artifact]]
kind = "module"
name = "loopback_sink"
project = "lattice"
target = "bcm2712"
digest = "sha256:0e08bcee4a2c6baa6ee0bb66e434f034cc8b20b46248a04ce9363d95e79131f7"
reference = "bcm2712/loopback_sink:0.0.1"

[[artifact]]
kind = "module"
name = "memcached_datagram_anchor"
project = "lattice"
target = "bcm2712"
digest = "sha256:8977c3dd74befe6ef39ebe6aba449c856601ff3f40c6976ccd2e41065923ebc1"
reference = "bcm2712/memcached_datagram_anchor:0.0.1"

[[artifact]]
kind = "module"
name = "memcached_stream_anchor"
project = "lattice"
target = "bcm2712"
digest = "sha256:a32edc13c9d9fd6e1e53b9d19693d0a3a9565f625d0514113d7535408c6b62f0"
reference = "bcm2712/memcached_stream_anchor:0.0.1"

[[artifact]]
kind = "module"
name = "model_edge_anchor"
project = "lattice"
target = "bcm2712"
digest = "sha256:e9b3c268c47a3ded3813dd045f152d1faaee9bf4236767b1dac376c1a5966771"
reference = "bcm2712/model_edge_anchor:0.0.1"

[[artifact]]
kind = "module"
name = "mongo_client"
project = "lattice"
target = "bcm2712"
digest = "sha256:53e487381467e35dd402003f968a03edc5957244721e7bdd569665d59f42a1fe"
reference = "bcm2712/mongo_client:0.0.1"

[[artifact]]
kind = "module"
name = "mysql_client"
project = "lattice"
target = "bcm2712"
digest = "sha256:65c560908bfec12631c51653e8a7894a95615992ecaa2f3d88224771dfd2a105"
reference = "bcm2712/mysql_client:0.0.1"

[[artifact]]
kind = "module"
name = "mysql_edge_anchor"
project = "lattice"
target = "bcm2712"
digest = "sha256:ce841a3b2b70d5eff5135d798f4e7785c45ad7e608a805ce077f43c6739d5ec1"
reference = "bcm2712/mysql_edge_anchor:0.0.1"

[[artifact]]
kind = "module"
name = "pg_client"
project = "lattice"
target = "bcm2712"
digest = "sha256:66edf6dafa2a53446083cfee4402b592410b427756c4fd155567937b638030ea"
reference = "bcm2712/pg_client:0.0.1"

[[artifact]]
kind = "module"
name = "pg_edge_anchor"
project = "lattice"
target = "bcm2712"
digest = "sha256:2ba069cbd1dcf38fa3e997570131fb1f4b4d599f79d4bb0b209b97991fa2834b"
reference = "bcm2712/pg_edge_anchor:0.0.1"

[[artifact]]
kind = "module"
name = "placement_advisor"
project = "lattice"
target = "bcm2712"
digest = "sha256:722c61d800ad0caafe83fb833baf5ea2921c50c3cefed6cc2a824d2d8ad7a352"
reference = "bcm2712/placement_advisor:0.0.1"

[[artifact]]
kind = "module"
name = "quota_manager"
project = "lattice"
target = "bcm2712"
digest = "sha256:5d7521d63322bdf1694bcd459eb777e354cb66a74d5120fc269549951fb2b1f3"
reference = "bcm2712/quota_manager:0.0.1"

[[artifact]]
kind = "module"
name = "range_supervisor"
project = "lattice"
target = "bcm2712"
digest = "sha256:c558cbe3ce9c053923e2379bd65b6b8ee0bb260075c77aba35e23d2ce2a4f08f"
reference = "bcm2712/range_supervisor:0.0.1"

[[artifact]]
kind = "module"
name = "redis_client"
project = "lattice"
target = "bcm2712"
digest = "sha256:aa5bad52f1646b279246cf4f0a42c50da7fd40a9f5f51982f98b0d4c076b6e84"
reference = "bcm2712/redis_client:0.0.1"

[[artifact]]
kind = "module"
name = "redis_edge_anchor"
project = "lattice"
target = "bcm2712"
digest = "sha256:8a0fb46e6f0c279334206dd113c0a042293d50a639d43e777b8aa55d68436e5a"
reference = "bcm2712/redis_edge_anchor:0.0.1"

[[artifact]]
kind = "module"
name = "relational_executor"
project = "lattice"
target = "bcm2712"
digest = "sha256:ce00a5956c01e1a93430e9788d44f0dcd455e21c15669212fbc84fca3de5260d"
reference = "bcm2712/relational_executor:0.0.1"

[[artifact]]
kind = "module"
name = "timestamp_allocator"
project = "lattice"
target = "bcm2712"
digest = "sha256:0c3c519eda09a3495a48855a5c084d466291f61b82dc518b309fa26a556f3009"
reference = "bcm2712/timestamp_allocator:0.0.1"

[[artifact]]
kind = "module"
name = "ttl_scheduler"
project = "lattice"
target = "bcm2712"
digest = "sha256:5e55e15adfdcbbab8dc6971b9389c5a9349c0c3fd1e04ab8600fc074e95e9121"
reference = "bcm2712/ttl_scheduler:0.0.1"

[[artifact]]
kind = "module"
name = "txn_coordinator"
project = "lattice"
target = "bcm2712"
digest = "sha256:52d82f62bded3ee7075565920db4e17b2ffe7459f6861c80d7f11720835f8a56"
reference = "bcm2712/txn_coordinator:0.0.1"

[[artifact]]
kind = "module"
name = "watch_fanout"
project = "lattice"
target = "bcm2712"
digest = "sha256:67c9ec48e3aa9e51afe89a82e0bb42368442509f49f6bfb5a2a045ba5978c064"
reference = "bcm2712/watch_fanout:0.0.1"

[[artifact]]
kind = "module"
name = "watch_registry"
project = "lattice"
target = "bcm2712"
digest = "sha256:3b83eb86ca80f29bf719022245de004b1f000518f2212ba546b06492150b78c7"
reference = "bcm2712/watch_registry:0.0.1"

[[artifact]]
kind = "module"
name = "wide_edge_anchor"
project = "lattice"
target = "bcm2712"
digest = "sha256:22b4e79c69ce0dd945cb8ad4f85b0f7cf2285e3499519ecb68625096f8f76cfd"
reference = "bcm2712/wide_edge_anchor:0.0.1"

[[artifact]]
kind = "module"
name = "admin_router"
project = "loam"
target = "bcm2712"
digest = "sha256:41df208ab29523aaa3e68c55125537a26afed8c7e9619df452d4d755c160c77f"
reference = "bcm2712/admin_router:0.0.1"

[[artifact]]
kind = "module"
name = "block_allocator"
project = "loam"
target = "bcm2712"
digest = "sha256:c7a55e746f260b3a23da07372b21ad819f8da81f39a6ccae1cd5f65bb0844fd4"
reference = "bcm2712/block_allocator:0.0.1"

[[artifact]]
kind = "module"
name = "block_log"
project = "loam"
target = "bcm2712"
digest = "sha256:aeab1f8e42f5bd61c39f9883378ca0a80bda6318a6101909931f3e9d579cd195"
reference = "bcm2712/block_log:0.0.1"

[[artifact]]
kind = "module"
name = "body_e2e_probe"
project = "loam"
target = "bcm2712"
digest = "sha256:d02ceeb5ce24d17079e1e8497707cb5ba19da720b6445acd6a49e7e5ecb0d0d6"
reference = "bcm2712/body_e2e_probe:0.0.1"

[[artifact]]
kind = "module"
name = "body_fanout_router"
project = "loam"
target = "bcm2712"
digest = "sha256:9f45819bb946c61449ed7ce4934c540485c660cd3ccccc43d8de2e744abe367b"
reference = "bcm2712/body_fanout_router:0.0.1"

[[artifact]]
kind = "module"
name = "body_store"
project = "loam"
target = "bcm2712"
digest = "sha256:a99312a98cb0d7d68ac724248808ea899bf60a0d353fb712c8a974e04563036d"
reference = "bcm2712/body_store:0.0.1"

[[artifact]]
kind = "module"
name = "clustor_bridge"
project = "loam"
target = "bcm2712"
digest = "sha256:2e9c7e063f4e53d2d14d9da16081a9c0ef0c9ffeb6626c2d928db42fbcfabf5c"
reference = "bcm2712/clustor_bridge:0.0.1"

[[artifact]]
kind = "module"
name = "ec_body_router"
project = "loam"
target = "bcm2712"
digest = "sha256:bc03091f3d2064fc01fbb0f37375fc4dadf4d37f04457bd19c0a1925bdb8a821"
reference = "bcm2712/ec_body_router:0.0.1"

[[artifact]]
kind = "module"
name = "loam_load_gen"
project = "loam"
target = "bcm2712"
digest = "sha256:ddb02b4f8a280e82c3b99c0470966ff318a6b97f44149c277c973542429a8198"
reference = "bcm2712/loam_load_gen:0.0.1"

[[artifact]]
kind = "module"
name = "loam_throughput_counter"
project = "loam"
target = "bcm2712"
digest = "sha256:1038782602cd5cbb81b68b75c3cdf0862309f8093ba0a0d02f83991e98eb8a8a"
reference = "bcm2712/loam_throughput_counter:0.0.1"

[[artifact]]
kind = "module"
name = "metadata_e2e_probe"
project = "loam"
target = "bcm2712"
digest = "sha256:51a249863839250794f58b94f65a2e46d6918f7dc89b1da55a4432de6f859b0a"
reference = "bcm2712/metadata_e2e_probe:0.0.1"

[[artifact]]
kind = "module"
name = "namespace_router"
project = "loam"
target = "bcm2712"
digest = "sha256:d41e9694a4f7c8c7beca7c945245788cbbf12ef5fceac299c8b66b6cfb24bd8a"
reference = "bcm2712/namespace_router:0.0.1"

[[artifact]]
kind = "module"
name = "object_index"
project = "loam"
target = "bcm2712"
digest = "sha256:de0dbf11282d6bdcb0aed3a66044c1ae8d06a5dd9062eb07f7630c939e1fd259"
reference = "bcm2712/object_index:0.0.1"

[[artifact]]
kind = "module"
name = "placement_router"
project = "loam"
target = "bcm2712"
digest = "sha256:6a51b5a717c73f341325b600acee61757dddf6d62005ba33b9e5c21637c98f49"
reference = "bcm2712/placement_router:0.0.1"

[[artifact]]
kind = "module"
name = "raft_metadata_client"
project = "loam"
target = "bcm2712"
digest = "sha256:dda58be83199b2414e43fe33e9da2c6f755b2fd449c4d8a6b1f89120fe99872f"
reference = "bcm2712/raft_metadata_client:0.0.1"

[[artifact]]
kind = "module"
name = "telemetry_agg"
project = "loam"
target = "bcm2712"
digest = "sha256:2589c75164011514a786b59e337d4a3a559e35a7cbdc4edfd5434522ee6820cd"
reference = "bcm2712/telemetry_agg:0.0.1"

[[artifact]]
kind = "module"
name = "amqp_client"
project = "quantum"
target = "bcm2712"
digest = "sha256:14b5b7905ea7802fc8479935105034eacc4e05605f0369b84be3db3ad4a48ec6"
reference = "bcm2712/amqp_client:0.0.1"

[[artifact]]
kind = "module"
name = "amqp_sink"
project = "quantum"
target = "bcm2712"
digest = "sha256:d06f48675e3c4edd9883b0cfe1d9ddebf2de7f2c11de41211bd7aa0a144bae67"
reference = "bcm2712/amqp_sink:0.0.1"

[[artifact]]
kind = "module"
name = "capability_registry"
project = "quantum"
target = "bcm2712"
digest = "sha256:5b3b4c5a44a747361d038ec1a8a1552401b26f946f2c5a01aca6b476aad434b8"
reference = "bcm2712/capability_registry:0.0.1"

[[artifact]]
kind = "module"
name = "flow"
project = "quantum"
target = "bcm2712"
digest = "sha256:d3643ee735d6e1644540e37af4c4f3e4c13e3ad2f67c54b484d038246453eb79"
reference = "bcm2712/flow:0.0.1"

[[artifact]]
kind = "module"
name = "forward_coordinator"
project = "quantum"
target = "bcm2712"
digest = "sha256:432321cfc5672378be00117de81d32b9505eaf8d2faaa9bb8651e9b2d59f8888"
reference = "bcm2712/forward_coordinator:0.0.1"

[[artifact]]
kind = "module"
name = "governance"
project = "quantum"
target = "bcm2712"
digest = "sha256:3ca94f05257c1f31a8ac6a07089b7b407572bdf68a01b001cb3ae39193927812"
reference = "bcm2712/governance:0.0.1"

[[artifact]]
kind = "module"
name = "kafka_client"
project = "quantum"
target = "bcm2712"
digest = "sha256:0fb12211a7c0a0b03400ae6c7518d6a1a4b999d1a26e9959b7592aa5c0f385e1"
reference = "bcm2712/kafka_client:0.0.1"

[[artifact]]
kind = "module"
name = "kafka_sink"
project = "quantum"
target = "bcm2712"
digest = "sha256:53c768ddd86a9017518c5e30deb9fc93ba84ad2b8456118453ab4d668d55df93"
reference = "bcm2712/kafka_sink:0.0.1"

[[artifact]]
kind = "module"
name = "messaging"
project = "quantum"
target = "bcm2712"
digest = "sha256:ecb5af0faf27b01e48454026eff5af975678f12b8e164258dfe2227715ac7224"
reference = "bcm2712/messaging:0.0.1"

[[artifact]]
kind = "module"
name = "mqtt_client"
project = "quantum"
target = "bcm2712"
digest = "sha256:fdfd92f44dce1c2e72cceede590d2485ba3b7a7155444c1a4bdc55d28e3943ad"
reference = "bcm2712/mqtt_client:0.0.1"

[[artifact]]
kind = "module"
name = "mqtt_quic_adapter"
project = "quantum"
target = "bcm2712"
digest = "sha256:f07b1493a2e4133c31534f5a9d45a77ad96fd35670e6e810b0c606b83e69fcd6"
reference = "bcm2712/mqtt_quic_adapter:0.0.1"

[[artifact]]
kind = "module"
name = "mqtt_sink"
project = "quantum"
target = "bcm2712"
digest = "sha256:4f3279d1451b474bf98fccf674520f3435591192f13e518afb100b19cbd6d76e"
reference = "bcm2712/mqtt_sink:0.0.1"

[[artifact]]
kind = "module"
name = "nats_client"
project = "quantum"
target = "bcm2712"
digest = "sha256:a8f5700990845d33a17561e734fa480ce12a9b770947dd96e18b95fc2bf87690"
reference = "bcm2712/nats_client:0.0.1"

[[artifact]]
kind = "module"
name = "protocol"
project = "quantum"
target = "bcm2712"
digest = "sha256:b07901dbc5de44c61c26c886aad55120495df11387af11128128e4599d1b1917"
reference = "bcm2712/protocol:0.0.1"

[[artifact]]
kind = "module"
name = "protocol-amqp"
project = "quantum"
target = "bcm2712"
digest = "sha256:0cf9dcac6350e0bcd8c9bdfa21cc730e295a6458ac01a4c0aa70c0c7a35de920"
reference = "bcm2712/protocol-amqp:0.0.1"

[[artifact]]
kind = "module"
name = "protocol-kafka"
project = "quantum"
target = "bcm2712"
digest = "sha256:2bba1f120d2fb57038e5b46755ba17ad99d569bcdf846405acc52d6dc3217ead"
reference = "bcm2712/protocol-kafka:0.0.1"

[[artifact]]
kind = "module"
name = "protocol-mqtt"
project = "quantum"
target = "bcm2712"
digest = "sha256:5b3b2c46b8769f48cbbb42b00747fe1cf7e016a325f8cf662d66992b283f6bf9"
reference = "bcm2712/protocol-mqtt:0.0.1"

[[artifact]]
kind = "module"
name = "session_processor"
project = "quantum"
target = "bcm2712"
digest = "sha256:6a2cdc8fd448d70110d4885808f07d2994f2e367b0d74322d17a37cb2725de96"
reference = "bcm2712/session_processor:0.0.1"

[[artifact]]
kind = "module"
name = "session_processor-amqp"
project = "quantum"
target = "bcm2712"
digest = "sha256:759ad62a745a4c79a88e1f7ca398921191692655c8da89865e6771d1afa96430"
reference = "bcm2712/session_processor-amqp:0.0.1"

[[artifact]]
kind = "module"
name = "session_processor-kafka"
project = "quantum"
target = "bcm2712"
digest = "sha256:c840583b36e899c483186fc8ffbb590e1eebbf785c80b9fc8478378bdf3a0b83"
reference = "bcm2712/session_processor-kafka:0.0.1"

[[artifact]]
kind = "module"
name = "session_processor-mqtt"
project = "quantum"
target = "bcm2712"
digest = "sha256:25ec29d439dacbb793cff943b451aed40209e9d021db7466816f3154f3916715"
reference = "bcm2712/session_processor-mqtt:0.0.1"

[[artifact]]
kind = "module"
name = "topic_engine"
project = "quantum"
target = "bcm2712"
digest = "sha256:d8428623e57adfacfda243bb5bcb74abf167e4c28dd2607dea87d6c0433ff5f2"
reference = "bcm2712/topic_engine:0.0.1"

[[artifact]]
kind = "module"
name = "http"
project = "wave"
target = "bcm2712"
digest = "sha256:75e3f31eec6a6f18dbd590e6bf27a730037a5f020da315781fb6816b00439d83"
reference = "bcm2712/http:0.0.1"

[[artifact]]
kind = "module"
name = "http-app"
project = "wave"
target = "bcm2712"
digest = "sha256:c4b8c104aa24cc85b5fd69368ce77a5156cda3b6109ac1a096e926e26e652624"
reference = "bcm2712/http-app:0.0.1"

[[artifact]]
kind = "module"
name = "http-exchange"
project = "wave"
target = "bcm2712"
digest = "sha256:235418e9e239c5c95770591bf4c1876a15bbbe62e3f9f34b81f4e8eea0b9c23f"
reference = "bcm2712/http-exchange:0.0.1"

[[artifact]]
kind = "module"
name = "http-h2"
project = "wave"
target = "bcm2712"
digest = "sha256:bac25d385fc2c3534fa81b3991e212f44ce76e7f477102964a0f08667f57a97a"
reference = "bcm2712/http-h2:0.0.1"

[[artifact]]
kind = "module"
name = "http-web"
project = "wave"
target = "bcm2712"
digest = "sha256:7dbfb1b9f484478a91542f3745e41c705d7875a0e2111a0924a7e5f3a9b202af"
reference = "bcm2712/http-web:0.0.1"

[[artifact]]
kind = "module"
name = "http_echo_app"
project = "wave"
target = "bcm2712"
digest = "sha256:454b6473eb6a763b52a6249c3fc620c762a3e3b79abf1a94fe9eac46e8ac437f"
reference = "bcm2712/http_echo_app:0.0.1"

[[artifact]]
kind = "module"
name = "jitter"
project = "wave"
target = "bcm2712"
digest = "sha256:770e6e811f8b41e17363d3d6aa36ef15a0782444cd8e9df05f8f84aea10ea868"
reference = "bcm2712/jitter:0.0.1"

[[artifact]]
kind = "module"
name = "mail"
project = "wave"
target = "bcm2712"
digest = "sha256:589f227dc6b904cdb0d136e1d47fccfbc4106ab1d12bee96e31a7127ce4792eb"
reference = "bcm2712/mail:0.0.1"

[[artifact]]
kind = "module"
name = "rtcp"
project = "wave"
target = "bcm2712"
digest = "sha256:58295d7a0610ee1f4d7b6baeba19387d0a965cbb8e85577f89541cd0e33f6ab5"
reference = "bcm2712/rtcp:0.0.1"

[[artifact]]
kind = "module"
name = "rtp"
project = "wave"
target = "bcm2712"
digest = "sha256:e3f375042dfff6fdfa5223dd69f8f6245aecdd70b0e96420ed6b0faf5164ace8"
reference = "bcm2712/rtp:0.0.1"

[[artifact]]
kind = "module"
name = "s3"
project = "wave"
target = "bcm2712"
digest = "sha256:5afaa3a926762aa46f9a0bf33bccc9bee97dc5dc198fcb11780c2b0ec40890cc"
reference = "bcm2712/s3:0.0.1"

[[artifact]]
kind = "module"
name = "sip"
project = "wave"
target = "bcm2712"
digest = "sha256:24c1d221af56059356146a6d60b0e251841f24909893b674b28c8bd184058c3f"
reference = "bcm2712/sip:0.0.1"

[[artifact]]
kind = "module"
name = "smtp"
project = "wave"
target = "bcm2712"
digest = "sha256:3fb0191828cf3deb7d8444eee4493941adb03e2bfab51bed65b14550d7b72903"
reference = "bcm2712/smtp:0.0.1"

[[artifact]]
kind = "module"
name = "stun"
project = "wave"
target = "bcm2712"
digest = "sha256:7703fd3088367f8aeba66ed6ca0bf08aab66b95c373dc60111e9c65f01c19662"
reference = "bcm2712/stun:0.0.1"

[[artifact]]
kind = "module"
name = "websocket"
project = "wave"
target = "bcm2712"
digest = "sha256:d002a0b06c1bbbd718ee58384e9e4b836d3614bf25976dd814a5f1fda964f8ef"
reference = "bcm2712/websocket:0.0.1"

[[artifact]]
kind = "module"
name = "ws_stream"
project = "wave"
target = "bcm2712"
digest = "sha256:5de673c44108929681c70e7b4092929afa9bd5285dc926d1254257e27d403a75"
reference = "bcm2712/ws_stream:0.0.1"

[[artifact]]
kind = "runtime"
name = "fluxor"
project = "fluxor"
target = "aarch64-unknown-linux-gnu"
digest = "sha256:b6d3b25a96542c75f0650bef68763afa0b960e05d66d5f974efbd583005c0e04"
reference = "fluxor/run/fluxor-aarch64-unknown-linux-gnu:0.0.1"

[[artifact]]
kind = "runtime"
name = "fluxor-linux"
project = "fluxor"
target = "aarch64-unknown-linux-gnu"
digest = "sha256:3290bb00d24dfec8027dad875fc4d92f6b105e37243f215a2802678b20c53dad"
reference = "fluxor/run/fluxor-linux-aarch64-unknown-linux-gnu:0.0.1"

[[artifact]]
kind = "source"
name = "clustor-common"
project = "clustor"
digest = "sha256:6f16f4ee9b99be794e0e821d8d9d652046b1c9b9f6f516e908697adb01d978e7"
reference = "clustor/src/clustor-common:0.0.1"

[[artifact]]
kind = "source"
name = "fluxor-abi"
project = "fluxor"
digest = "sha256:92b1103d570884ad270891dde3bedc37e7d5c84ec1f3c59f94a830d374578e29"
reference = "fluxor/src/fluxor-abi:0.0.1"

[[artifact]]
kind = "source"
name = "fluxor-contracts"
project = "fluxor"
digest = "sha256:87e5c6ed50516b696ccde6de7debb0e946fbbdec4ae2d10837e8cd4550a637a0"
reference = "fluxor/src/fluxor-contracts:0.0.1"

[[artifact]]
kind = "source"
name = "kagi-common"
project = "kagi"
digest = "sha256:dd0a5fd25186af38ae308efc98942296a794ee658b1212a755cb52bded1229f1"
reference = "kagi/src/kagi-common:0.0.1"

[[artifact]]
kind = "source"
name = "lattice-common"
project = "lattice"
digest = "sha256:bd981c1976cddca07a9b24d99e6734c3c9b8845dbf6deb2060e5467e4c9c7597"
reference = "lattice/src/lattice-common:0.0.1"

[[artifact]]
kind = "source"
name = "loam-common"
project = "loam"
digest = "sha256:38672d43e4681f87259c5f08b772336399e9174a57ff1a7200ec48a0e06c5d14"
reference = "loam/src/loam-common:0.0.1"

[[artifact]]
kind = "source"
name = "quantum-common"
project = "quantum"
digest = "sha256:9fa8dcefba5aa201baa3282a2285a3f62c36e78b63561f103ffd6d1a32f2b764"
reference = "quantum/src/quantum-common:0.0.1"

[[artifact]]
kind = "source"
name = "wave-common"
project = "wave"
digest = "sha256:c8ebb5cb4bb38331c9fb2c2fa994c700657f3bdb33a3b4d72da9b435822ba0d8"
reference = "wave/src/wave-common:0.0.1"
