# fluxor.lock — generated, edit via `fluxor update`
# Pinned store artifacts: one [[artifact]] entry per resolved digest.

[[artifact]]
kind = "module"
name = "admission"
project = "clustor"
target = "bcm2712"
digest = "sha256:92ff3c58c4404a20b3dd3fa37d9ab846c160c5e928fd68ce5fcad88493f2f83b"
reference = "bcm2712/admission:0.0.1"

[[artifact]]
kind = "module"
name = "clustor_cli"
project = "clustor"
target = "bcm2712"
digest = "sha256:7fed0ffa9da364293d35c0090c489c91396ae13e04e5a9819eca3b9b5aacaf71"
reference = "bcm2712/clustor_cli:0.0.1"

[[artifact]]
kind = "module"
name = "consensus"
project = "clustor"
target = "bcm2712"
digest = "sha256:d0dd83b9d9ca6fb1ffb556934cfa47fe2dc24259b2bd28a91757020f0b11c657"
reference = "bcm2712/consensus:0.0.1"

[[artifact]]
kind = "module"
name = "consensus_bench"
project = "clustor"
target = "bcm2712"
digest = "sha256:02d6dd4d3f9851cc6e22f8304ed9605676d6def74b76fcbcd4c01278b5c5d026"
reference = "bcm2712/consensus_bench:0.0.1"

[[artifact]]
kind = "module"
name = "control_plane"
project = "clustor"
target = "bcm2712"
digest = "sha256:55124560e8d0e8cb870d853981244fde57421e3cf7e2433582fb75cb6f754935"
reference = "bcm2712/control_plane:0.0.1"

[[artifact]]
kind = "module"
name = "durability"
project = "clustor"
target = "bcm2712"
digest = "sha256:962203664aaf24000b18ad1bee4668e09ef7f2f6520c168c29c10fc4342d5594"
reference = "bcm2712/durability:0.0.1"

[[artifact]]
kind = "module"
name = "durability-volatile"
project = "clustor"
target = "bcm2712"
digest = "sha256:a4b756b91f8cd8829636bbc6c82873bd6cf71fd8a0f55964cead36193244b524"
reference = "bcm2712/durability-volatile:0.0.1"

[[artifact]]
kind = "module"
name = "example_consumer"
project = "clustor"
target = "bcm2712"
digest = "sha256:fd8497736916846b6ec5feed3ea6d4d27429958a0d0b6dac6b72aec0ca6e5f8d"
reference = "bcm2712/example_consumer:0.0.1"

[[artifact]]
kind = "module"
name = "gateway"
project = "clustor"
target = "bcm2712"
digest = "sha256:0bbc3e557a929842c088bf961fc1beabf7a43e9a9bf241222a1db84c3037eaba"
reference = "bcm2712/gateway:0.0.1"

[[artifact]]
kind = "module"
name = "nvme_bench"
project = "clustor"
target = "bcm2712"
digest = "sha256:b0ae149ac483294ceba2c0d68145c722e34c45225d26e70121fad200ac08cd37"
reference = "bcm2712/nvme_bench:0.0.1"

[[artifact]]
kind = "module"
name = "operations"
project = "clustor"
target = "bcm2712"
digest = "sha256:470ffe49c6ce5b0a731e9e8d399d1bc91c3b21876b69eada5d8caa4774522ed8"
reference = "bcm2712/operations:0.0.1"

[[artifact]]
kind = "module"
name = "operations-headless"
project = "clustor"
target = "bcm2712"
digest = "sha256:527d37e95720e8750279d1d35876c6006a6eb73de5e5757c459594c4f1152fd6"
reference = "bcm2712/operations-headless:0.0.1"

[[artifact]]
kind = "module"
name = "partition_router"
project = "clustor"
target = "bcm2712"
digest = "sha256:d0f68fb42f158798634098761561028522069d15c12532ff42250a1420446509"
reference = "bcm2712/partition_router:0.0.1"

[[artifact]]
kind = "module"
name = "peer_router"
project = "clustor"
target = "bcm2712"
digest = "sha256:b4fa43ee4f1657ee01f4f8ccd982eb04f3bfd0f5dc98b107e78d9375c1f1313a"
reference = "bcm2712/peer_router:0.0.1"

[[artifact]]
kind = "module"
name = "session_directory"
project = "clustor"
target = "bcm2712"
digest = "sha256:1fa40ed34a95c98464ba9264d0ceb9417ce8d8491df4bf7b8b1b4fa78a0fddf3"
reference = "bcm2712/session_directory:0.0.1"

[[artifact]]
kind = "module"
name = "conn_demux"
project = "fluxor"
target = "bcm2712"
digest = "sha256:2bc43ee216abdca992e64f45b315f9b1ad105d8772454a9cd676853497add730"
reference = "bcm2712/conn_demux:0.0.1"

[[artifact]]
kind = "module"
name = "conn_guard"
project = "fluxor"
target = "bcm2712"
digest = "sha256:d8e8343e4075c31d7069e29c506272a2d253a254663fc9d34152adbba4bb49da"
reference = "bcm2712/conn_guard:0.0.1"

[[artifact]]
kind = "module"
name = "debug"
project = "fluxor"
target = "bcm2712"
digest = "sha256:89f91d2582cdc6ca9899abc918e9d4e9577644aa235a79973f880ebb8f8f1b89"
reference = "bcm2712/debug:0.0.1"

[[artifact]]
kind = "module"
name = "demux"
project = "fluxor"
target = "bcm2712"
digest = "sha256:b480b2529f9a1fda8e55a0b8627c9f016d77b230874bf016cef2306e81197d78"
reference = "bcm2712/demux:0.0.1"

[[artifact]]
kind = "module"
name = "dma_probe"
project = "fluxor"
target = "bcm2712"
digest = "sha256:a923626b045763db7be721c54e29dd5f80a0c94e3429e61118425f15ae60cc51"
reference = "bcm2712/dma_probe:0.0.1"

[[artifact]]
kind = "module"
name = "dns"
project = "fluxor"
target = "bcm2712"
digest = "sha256:26b420ff6fe2f785995ea0f98f01c38906349364a9102e4d57f150d485083bf2"
reference = "bcm2712/dns:0.0.1"

[[artifact]]
kind = "module"
name = "e810"
project = "fluxor"
target = "bcm2712"
digest = "sha256:82ee951c0b1ea17f693bf2e57c06c87aae0bdd3c88bf0cbf5f9a180f237cfb9d"
reference = "bcm2712/e810:0.0.1"

[[artifact]]
kind = "module"
name = "echo_anchor"
project = "fluxor"
target = "bcm2712"
digest = "sha256:d6dae115cea272c7bc5880017d9ac3ddc90ab9d9553163ae80f328ccc3a516d6"
reference = "bcm2712/echo_anchor:0.0.1"

[[artifact]]
kind = "module"
name = "echo_worker"
project = "fluxor"
target = "bcm2712"
digest = "sha256:9112f01049101b43761ea44773bbd7fef7856381b1759a69b581c9f66a91e8b5"
reference = "bcm2712/echo_worker:0.0.1"

[[artifact]]
kind = "module"
name = "eth_parser"
project = "fluxor"
target = "bcm2712"
digest = "sha256:506b2ec677d843f11462a118a39800409159480be93e52fd4e4abc6adec65eb3"
reference = "bcm2712/eth_parser:0.0.1"

[[artifact]]
kind = "module"
name = "fat32"
project = "fluxor"
target = "bcm2712"
digest = "sha256:1cd89bdf980879b986e69fd6f2db57d0b21ac94eefb043069f76ca524fcb0242"
reference = "bcm2712/fat32:0.0.1"

[[artifact]]
kind = "module"
name = "fat32_seed"
project = "fluxor"
target = "bcm2712"
digest = "sha256:11220f8efe29150d0de25cccad7c3c779c240eb0715c3381e8fe802d4e5ef4ad"
reference = "bcm2712/fat32_seed:0.0.1"

[[artifact]]
kind = "module"
name = "fs_bank"
project = "fluxor"
target = "bcm2712"
digest = "sha256:5e85d6e1265f6fbf7241f028860a122fcf70e13dacf92a01e65e4ab8cf916925"
reference = "bcm2712/fs_bank:0.0.1"

[[artifact]]
kind = "module"
name = "fs_selftest"
project = "fluxor"
target = "bcm2712"
digest = "sha256:fabd19d3d94edb05168af734ac4882c822675b83fdcbd1f261b610f8f76d5115"
reference = "bcm2712/fs_selftest:0.0.1"

[[artifact]]
kind = "module"
name = "fs_tap"
project = "fluxor"
target = "bcm2712"
digest = "sha256:1cfb48f25cfe07d0f7ae1857fa05d0a46a81d6e1903e2ce5583adb8aaa472f2b"
reference = "bcm2712/fs_tap:0.0.1"

[[artifact]]
kind = "module"
name = "gallery_stage"
project = "fluxor"
target = "bcm2712"
digest = "sha256:14141e3d82a5cf9f3bdd95e52edb1b102a10ce8c9844c3bef7dad2ae12adc22f"
reference = "bcm2712/gallery_stage:0.0.1"

[[artifact]]
kind = "module"
name = "gesture"
project = "fluxor"
target = "bcm2712"
digest = "sha256:a8ac8b532928e1e6112b4d0e69177332bf0b036c6bcfea8c23bce3c6d7632f31"
reference = "bcm2712/gesture:0.0.1"

[[artifact]]
kind = "module"
name = "ip"
project = "fluxor"
target = "bcm2712"
digest = "sha256:6a96c1f9d580a60f516fff96f4b27b05d41e2b039c4c8b3565dec4f1d1bdd9ff"
reference = "bcm2712/ip:0.0.1"

[[artifact]]
kind = "module"
name = "iso_heap"
project = "fluxor"
target = "bcm2712"
digest = "sha256:5aa4009eba1c212f9ba9de2b993d2c3877186abe86cbaa6807f6f6d08d1b4672"
reference = "bcm2712/iso_heap:0.0.1"

[[artifact]]
kind = "module"
name = "iso_probe"
project = "fluxor"
target = "bcm2712"
digest = "sha256:d6873f7c1172e41f4619488552099caa0cc7bea406cd09d89a73bc467a34d08b"
reference = "bcm2712/iso_probe:0.0.1"

[[artifact]]
kind = "module"
name = "iso_transform"
project = "fluxor"
target = "bcm2712"
digest = "sha256:cb56fcd652b1b0e2e3b3a33f0a3630bf999a7d6f9984031b8f02a61af0103d55"
reference = "bcm2712/iso_transform:0.0.1"

[[artifact]]
kind = "module"
name = "kv_store"
project = "fluxor"
target = "bcm2712"
digest = "sha256:c95962815d7ee2b01145df95c765f636b564610e6581005d2a205e2356e4ab3d"
reference = "bcm2712/kv_store:0.0.1"

[[artifact]]
kind = "module"
name = "load_gen"
project = "fluxor"
target = "bcm2712"
digest = "sha256:b984a7d40d4460f3e3ed924310a9a93c9eb63f03a4c861d4318d0074796d4040"
reference = "bcm2712/load_gen:0.0.1"

[[artifact]]
kind = "module"
name = "log_net"
project = "fluxor"
target = "bcm2712"
digest = "sha256:fbf88b076c10a8af0a0d48e4411e37865b4e31c41be24cd43e9efdfbe1e9d0e5"
reference = "bcm2712/log_net:0.0.1"

[[artifact]]
kind = "module"
name = "mem_ns"
project = "fluxor"
target = "bcm2712"
digest = "sha256:7334ed6969789877df399c611f925462cd71318e06f9881da9dccda1abac2980"
reference = "bcm2712/mem_ns:0.0.1"

[[artifact]]
kind = "module"
name = "monitor"
project = "fluxor"
target = "bcm2712"
digest = "sha256:29bcb8ec1edfda3a5a8332859118e4e4ea83ada8395d3add7f51ffeda55fef8b"
reference = "bcm2712/monitor:0.0.1"

[[artifact]]
kind = "module"
name = "mount"
project = "fluxor"
target = "bcm2712"
digest = "sha256:4addbfcb016dcd09f460a7194ad828eb5d40ce2b54190a39458c24e1f81ad6cc"
reference = "bcm2712/mount:0.0.1"

[[artifact]]
kind = "module"
name = "mux_echo"
project = "fluxor"
target = "bcm2712"
digest = "sha256:59c3e0c3038f7f7c6ccd297f0d3865a3bec7dde24022b1e9c14727a13e87707b"
reference = "bcm2712/mux_echo:0.0.1"

[[artifact]]
kind = "module"
name = "nvme"
project = "fluxor"
target = "bcm2712"
digest = "sha256:51b470e6a5d0b3e8b5ec1eba2de38a8de90384a02884805dbd6fa72e133ab813"
reference = "bcm2712/nvme:0.0.1"

[[artifact]]
kind = "module"
name = "nvme_arena_probe"
project = "fluxor"
target = "bcm2712"
digest = "sha256:737a50e536002efbc8694a4df71ab9de7a71e4f5f3960e1fce124279b6ca661e"
reference = "bcm2712/nvme_arena_probe:0.0.1"

[[artifact]]
kind = "module"
name = "nvme_perf_probe"
project = "fluxor"
target = "bcm2712"
digest = "sha256:3b8e3766cc3f1f456d4a2721be127e14ba92ef3871ae7a882ef7b7db0d577008"
reference = "bcm2712/nvme_perf_probe:0.0.1"

[[artifact]]
kind = "module"
name = "object_bank"
project = "fluxor"
target = "bcm2712"
digest = "sha256:30eb89f21cc4bf17c551d3b8c52abc809c1aa0308eaa6e4f09d1bb0853a5c037"
reference = "bcm2712/object_bank:0.0.1"

[[artifact]]
kind = "module"
name = "observe"
project = "fluxor"
target = "bcm2712"
digest = "sha256:e706e8882cb76b8724a96cddfd89dbb478c06291b815841fb29ea9987f724af2"
reference = "bcm2712/observe:0.0.1"

[[artifact]]
kind = "module"
name = "ota_registry"
project = "fluxor"
target = "bcm2712"
digest = "sha256:d7ebf7da7c954a02e826c74457bb9d3019e53e942a39bcee0b5d7fc7cb94d356"
reference = "bcm2712/ota_registry:0.0.1"

[[artifact]]
kind = "module"
name = "otel"
project = "fluxor"
target = "bcm2712"
digest = "sha256:05fd9abf0ec5042f6c127fcf138e39f703d87db7a8366f764be6c2c51c36d5fe"
reference = "bcm2712/otel:0.0.1"

[[artifact]]
kind = "module"
name = "panel_surface_traits"
project = "fluxor"
target = "bcm2712"
digest = "sha256:b6966c108f228fc3ce69e99acc23494b10e5af29250d584fb880fab5b61dff4c"
reference = "bcm2712/panel_surface_traits:0.0.1"

[[artifact]]
kind = "module"
name = "pause_driver"
project = "fluxor"
target = "bcm2712"
digest = "sha256:9ce49d14edf75bc90cb8341f349b13b006ac27de8d31f66339a76ef9d6bf4d07"
reference = "bcm2712/pause_driver:0.0.1"

[[artifact]]
kind = "module"
name = "pause_probe"
project = "fluxor"
target = "bcm2712"
digest = "sha256:434437c134ecbacb7ae818d9858a8a3f33e6f34b64d6bd0dba9e8510ceb530d7"
reference = "bcm2712/pause_probe:0.0.1"

[[artifact]]
kind = "module"
name = "pcie_scan"
project = "fluxor"
target = "bcm2712"
digest = "sha256:27b9983413cff6b213da2de1ee75231d3d0421af9fb7724aeca6db2ac4f6d877"
reference = "bcm2712/pcie_scan:0.0.1"

[[artifact]]
kind = "module"
name = "pkt_filter"
project = "fluxor"
target = "bcm2712"
digest = "sha256:a13568831803e1e46037e2d3c4c90b0ac30d26b33daeb8d59dc16b9aeda3940b"
reference = "bcm2712/pkt_filter:0.0.1"

[[artifact]]
kind = "module"
name = "presentation_resolver"
project = "fluxor"
target = "bcm2712"
digest = "sha256:1b87b67b9c557912099257f355af71a2ab08bd013f51767989d1809b3a888f99"
reference = "bcm2712/presentation_resolver:0.0.1"

[[artifact]]
kind = "module"
name = "quic"
project = "fluxor"
target = "bcm2712"
digest = "sha256:f790969c3d12c6d4d484bdb9bb74aa0f038740f7a435746141eec1c202b56eae"
reference = "bcm2712/quic:0.0.1"

[[artifact]]
kind = "module"
name = "reconfigure"
project = "fluxor"
target = "bcm2712"
digest = "sha256:331a8048ec6eff0940c73ae36b23c3aea359e524d134217af68417c31afad24b"
reference = "bcm2712/reconfigure:0.0.1"

[[artifact]]
kind = "module"
name = "remote_channel"
project = "fluxor"
target = "bcm2712"
digest = "sha256:f7287b9523afe3ace203fec890c67f2bad34cb7615a9252500bd466ace0c18c9"
reference = "bcm2712/remote_channel:0.0.1"

[[artifact]]
kind = "module"
name = "rp1_gem"
project = "fluxor"
target = "bcm2712"
digest = "sha256:68a9c8dab19adbe380517692a4a308a34e33635853f7fd9e933ad2be892b0780"
reference = "bcm2712/rp1_gem:0.0.1"

[[artifact]]
kind = "module"
name = "smmu"
project = "fluxor"
target = "bcm2712"
digest = "sha256:bc6427801059591ff999512cde716f304e43430072a58ee9df47a79ed81c2ab0"
reference = "bcm2712/smmu:0.0.1"

[[artifact]]
kind = "module"
name = "synth_source"
project = "fluxor"
target = "bcm2712"
digest = "sha256:d584c7f09f94287f61f242169360a5ecbb9afcab96d6da8a6d785a309fb11752"
reference = "bcm2712/synth_source:0.0.1"

[[artifact]]
kind = "module"
name = "test_fault"
project = "fluxor"
target = "bcm2712"
digest = "sha256:cef3c3988dc3c3f0c9a9650f01e62d05ca793a408640ebf5d4089e4eff9a487d"
reference = "bcm2712/test_fault:0.0.1"

[[artifact]]
kind = "module"
name = "tier2_probe"
project = "fluxor"
target = "bcm2712"
digest = "sha256:1f2cd90234a2c528f7b33b96ada723c88b7a2f0c4c39c29ffacf88f06c2bb8f1"
reference = "bcm2712/tier2_probe:0.0.1"

[[artifact]]
kind = "module"
name = "tls"
project = "fluxor"
target = "bcm2712"
digest = "sha256:f08340c3ae64d498a7f31689660db75f079260bb35f80d7800e49ede9143fcd9"
reference = "bcm2712/tls:0.0.1"

[[artifact]]
kind = "module"
name = "transport_buffer"
project = "fluxor"
target = "bcm2712"
digest = "sha256:a2b985b27da03745b3517bb951907e2892c50ed42d987e230e6e35288d682af5"
reference = "bcm2712/transport_buffer:0.0.1"

[[artifact]]
kind = "module"
name = "usb_midi_host"
project = "fluxor"
target = "bcm2712"
digest = "sha256:df9be9bf8e2c834ec360759e138ff1b81975ee06b7b7d0a6a3d819fecfea750c"
reference = "bcm2712/usb_midi_host:0.0.1"

[[artifact]]
kind = "module"
name = "virtio_net"
project = "fluxor"
target = "bcm2712"
digest = "sha256:8c7dc2f8a126b235a3126f08a23cd3db5919c5a515c3be844ff1ead27b792b5e"
reference = "bcm2712/virtio_net:0.0.1"

[[artifact]]
kind = "module"
name = "wake_snk"
project = "fluxor"
target = "bcm2712"
digest = "sha256:a675feb2f83fb0c08731931152be1f616b390f69918f7f123f27730c93513e6a"
reference = "bcm2712/wake_snk:0.0.1"

[[artifact]]
kind = "module"
name = "wake_src"
project = "fluxor"
target = "bcm2712"
digest = "sha256:36e172dfa181b4996fc30f7bebca447be2aff8341222490b9e6836ba09d9733c"
reference = "bcm2712/wake_src:0.0.1"

[[artifact]]
kind = "module"
name = "authcode"
project = "kagi"
target = "bcm2712"
digest = "sha256:87f4432841304dc6888b4e41741628b835185ded710d892f80c8dd345b9ad848"
reference = "bcm2712/authcode:0.0.1"

[[artifact]]
kind = "module"
name = "certificate_endpoint"
project = "kagi"
target = "bcm2712"
digest = "sha256:2e0e5f687dc807bc90b3efb2816d3c4fec4ad255bd2fc8921c4473aa1c2bd54d"
reference = "bcm2712/certificate_endpoint:0.0.1"

[[artifact]]
kind = "module"
name = "control_admission"
project = "kagi"
target = "bcm2712"
digest = "sha256:e5bb7a7185435678de2936e633008b99034eba7c92725f9290786eb85bca9bdd"
reference = "bcm2712/control_admission:0.0.1"

[[artifact]]
kind = "module"
name = "e2ee_credential_endpoint"
project = "kagi"
target = "bcm2712"
digest = "sha256:71779cbe95df82129cfe8e374273c64137e314eb1d59015313346ffc61f63ab5"
reference = "bcm2712/e2ee_credential_endpoint:0.0.1"

[[artifact]]
kind = "module"
name = "e2ee_router"
project = "kagi"
target = "bcm2712"
digest = "sha256:0f07af33943aad064afd288a7d451068f6a57587061882fbb4ced2064ef79ab4"
reference = "bcm2712/e2ee_router:0.0.1"

[[artifact]]
kind = "module"
name = "e2ee_state_endpoint"
project = "kagi"
target = "bcm2712"
digest = "sha256:2348ecf22ff7ea5aa6baff99e151835cc00464d09708ed8fc1dcf5e092a2b500"
reference = "bcm2712/e2ee_state_endpoint:0.0.1"

[[artifact]]
kind = "module"
name = "enrollment_endpoint"
project = "kagi"
target = "bcm2712"
digest = "sha256:f93b413a1113a514ca4962628d24d2e2b405293e5230c411c36539c64ef7fa43"
reference = "bcm2712/enrollment_endpoint:0.0.1"

[[artifact]]
kind = "module"
name = "keypackage_endpoint"
project = "kagi"
target = "bcm2712"
digest = "sha256:81f6ad95bc891d2e1a06d351a97be057abb331de1a246dae24018b6fd364f6bb"
reference = "bcm2712/keypackage_endpoint:0.0.1"

[[artifact]]
kind = "module"
name = "mint_admission"
project = "kagi"
target = "bcm2712"
digest = "sha256:b9a39089a68f6f0b5fab7ae65add90d11e4e42d41441b01692c4cefc32666fda"
reference = "bcm2712/mint_admission:0.0.1"

[[artifact]]
kind = "module"
name = "resource_gate"
project = "kagi"
target = "bcm2712"
digest = "sha256:3b9710d8b62bbec50454dbf2ab70186f96a3a3df10d9721637257d98234e4c80"
reference = "bcm2712/resource_gate:0.0.1"

[[artifact]]
kind = "module"
name = "secret_store"
project = "kagi"
target = "bcm2712"
digest = "sha256:1b0ac1f2a51cb7bb089225fde8e528d24f775b157ded8a6d0400a9a469255236"
reference = "bcm2712/secret_store:0.0.1"

[[artifact]]
kind = "module"
name = "security_state"
project = "kagi"
target = "bcm2712"
digest = "sha256:57bab83e98ae9660f6c286260becd79741ce8dfb6a797feb5b2345635a34907a"
reference = "bcm2712/security_state:0.0.1"

[[artifact]]
kind = "module"
name = "token_endpoint"
project = "kagi"
target = "bcm2712"
digest = "sha256:f7afd1dba94e898afd7b5bed62f5a4de9a6b0b659750f17c381c87a1d38755a0"
reference = "bcm2712/token_endpoint:0.0.1"

[[artifact]]
kind = "module"
name = "token_mint"
project = "kagi"
target = "bcm2712"
digest = "sha256:cf9a10762a0682cb85c4fb6b39c45cd341c5712ec634e97b1003654969596912"
reference = "bcm2712/token_mint:0.0.1"

[[artifact]]
kind = "module"
name = "token_verify"
project = "kagi"
target = "bcm2712"
digest = "sha256:77c66c5ad9b08caa34d9c9da516403265141529e8f833b5be917d5e0a042d995"
reference = "bcm2712/token_verify:0.0.1"

[[artifact]]
kind = "module"
name = "wellknown_endpoint"
project = "kagi"
target = "bcm2712"
digest = "sha256:e6c10778dd1031e05aa17bb68c90e6ca419594f47c2809f8da9f0f18a77bf3df"
reference = "bcm2712/wellknown_endpoint:0.0.1"

[[artifact]]
kind = "module"
name = "adapter_metrics"
project = "lattice"
target = "bcm2712"
digest = "sha256:4261541d41b548f37b697c5168ae88371b592e1edd9d6582cb5b74eac7650ce9"
reference = "bcm2712/adapter_metrics:0.0.1"

[[artifact]]
kind = "module"
name = "auth_manager"
project = "lattice"
target = "bcm2712"
digest = "sha256:7813e6f17297f753e4748d0a5a844d98e2ee776a2b2b3dca4ee4dc9d08c2bd51"
reference = "bcm2712/auth_manager:0.0.1"

[[artifact]]
kind = "module"
name = "backup_coordinator"
project = "lattice"
target = "bcm2712"
digest = "sha256:dc71c1e796543324e823d3e93c620b1654938e2fe1e0a4ef6f320d24832fd6d7"
reference = "bcm2712/backup_coordinator:0.0.1"

[[artifact]]
kind = "module"
name = "cassandra_client"
project = "lattice"
target = "bcm2712"
digest = "sha256:7638ca5d27086499ad84b3aecdab54987e8b72e536f9f9c12b78e12029f1cbac"
reference = "bcm2712/cassandra_client:0.0.1"

[[artifact]]
kind = "module"
name = "cdc_pump"
project = "lattice"
target = "bcm2712"
digest = "sha256:4296b7f8d5b8aafc7bcd6d28c93084ea76300982c9702cf61228082f78cd253e"
reference = "bcm2712/cdc_pump:0.0.1"

[[artifact]]
kind = "module"
name = "compaction_coordinator"
project = "lattice"
target = "bcm2712"
digest = "sha256:13838b058a62fae93408f5a3fae39e50b1fbd5ea5bbd5c95c6a294ba2ac6747c"
reference = "bcm2712/compaction_coordinator:0.0.1"

[[artifact]]
kind = "module"
name = "doc_edge_anchor"
project = "lattice"
target = "bcm2712"
digest = "sha256:7c0e644c1539ced77841e970b0dc123f4a0cb5fc04be19e74a56f7d37c165619"
reference = "bcm2712/doc_edge_anchor:0.0.1"

[[artifact]]
kind = "module"
name = "etcd_edge_anchor"
project = "lattice"
target = "bcm2712"
digest = "sha256:a9d2418669de2c4c1faf6c09871f9ab8c02c55ee2e6042e2d38553fb344696b2"
reference = "bcm2712/etcd_edge_anchor:0.0.1"

[[artifact]]
kind = "module"
name = "index_backfill"
project = "lattice"
target = "bcm2712"
digest = "sha256:dcb8a65be4b8b30ca9fff708544025a968bda8dbb0f722659e9df4148f9bcea7"
reference = "bcm2712/index_backfill:0.0.1"

[[artifact]]
kind = "module"
name = "kv_request_router"
project = "lattice"
target = "bcm2712"
digest = "sha256:547d4de518f12685a4765705502c2677a45b5a1da137be8c957f67f4b6073e1a"
reference = "bcm2712/kv_request_router:0.0.1"

[[artifact]]
kind = "module"
name = "kv_state_worker"
project = "lattice"
target = "bcm2712"
digest = "sha256:705ef25af31ee3f013a8af35d1c46359c39020420956d6aa605ebadc7364908a"
reference = "bcm2712/kv_state_worker:0.0.1"

[[artifact]]
kind = "module"
name = "lattice_apply_bridge"
project = "lattice"
target = "bcm2712"
digest = "sha256:6f4f24ab092ff132d140c00eb1b0a1f261e80da28a6831b7558f7f4901f29f33"
reference = "bcm2712/lattice_apply_bridge:0.0.1"

[[artifact]]
kind = "module"
name = "lattice_data_anchor"
project = "lattice"
target = "bcm2712"
digest = "sha256:c7cdd954e55153b09062df3650b187b87d2befceaea36a7b3d3a101d0ebfd564"
reference = "bcm2712/lattice_data_anchor:0.0.1"

[[artifact]]
kind = "module"
name = "lattice_data_client"
project = "lattice"
target = "bcm2712"
digest = "sha256:a375fe340cd16b10d90dbd6dd6883b453b09f06f3c528a0035826fe23e64a021"
reference = "bcm2712/lattice_data_client:0.0.1"

[[artifact]]
kind = "module"
name = "lease_manager"
project = "lattice"
target = "bcm2712"
digest = "sha256:8a561c251063fcf3a9731be0378470a11391cbf939051c1c7ebe2ef8f405e6e7"
reference = "bcm2712/lease_manager:0.0.1"

[[artifact]]
kind = "module"
name = "loopback_sink"
project = "lattice"
target = "bcm2712"
digest = "sha256:abfac751868a5f6f9ad600348f6e6866b63fd43a29d9a893f39e9795ddfa578c"
reference = "bcm2712/loopback_sink:0.0.1"

[[artifact]]
kind = "module"
name = "memcached_datagram_anchor"
project = "lattice"
target = "bcm2712"
digest = "sha256:6ae51c9e9d1628e300df93d5b1985c2c6812f521fb82fa5553c7b29658339eb2"
reference = "bcm2712/memcached_datagram_anchor:0.0.1"

[[artifact]]
kind = "module"
name = "memcached_stream_anchor"
project = "lattice"
target = "bcm2712"
digest = "sha256:219a48afe82a7b65f4d647ba77dbad4740c63cb08f3d30259a2514694b788d92"
reference = "bcm2712/memcached_stream_anchor:0.0.1"

[[artifact]]
kind = "module"
name = "model_edge_anchor"
project = "lattice"
target = "bcm2712"
digest = "sha256:47ec50a9d998bb0089a94f02527a3a80e7505d40c25e7832b152ff37f0f5b906"
reference = "bcm2712/model_edge_anchor:0.0.1"

[[artifact]]
kind = "module"
name = "mongo_client"
project = "lattice"
target = "bcm2712"
digest = "sha256:627dcf28bd11af9d05ce18e5461bbcf86c48faa48b0c9d494411fadbbdc0e34f"
reference = "bcm2712/mongo_client:0.0.1"

[[artifact]]
kind = "module"
name = "mysql_client"
project = "lattice"
target = "bcm2712"
digest = "sha256:0c1360421ac7f2b0fc87904b9c843e6f0ee7a36fc482b8de229c19eeee264f88"
reference = "bcm2712/mysql_client:0.0.1"

[[artifact]]
kind = "module"
name = "mysql_edge_anchor"
project = "lattice"
target = "bcm2712"
digest = "sha256:97297c445be97f849210ceb39e06367c3e950560062e52d9c1508e6eb87fb3a9"
reference = "bcm2712/mysql_edge_anchor:0.0.1"

[[artifact]]
kind = "module"
name = "pg_client"
project = "lattice"
target = "bcm2712"
digest = "sha256:d0ea0d8fe1a91cd80f1819555bb0b99bea24e689e10d6b0c3c8ed08aa61464d3"
reference = "bcm2712/pg_client:0.0.1"

[[artifact]]
kind = "module"
name = "pg_edge_anchor"
project = "lattice"
target = "bcm2712"
digest = "sha256:ff8c338ec01a0dbd9ba2712ec47a4a7e955db65c1149a6129f3ac10d5db43ff4"
reference = "bcm2712/pg_edge_anchor:0.0.1"

[[artifact]]
kind = "module"
name = "placement_advisor"
project = "lattice"
target = "bcm2712"
digest = "sha256:f0950d84a10d1edaf388f7c0040322b743f401b8d7e2375a7324f2360a5d75a8"
reference = "bcm2712/placement_advisor:0.0.1"

[[artifact]]
kind = "module"
name = "quota_manager"
project = "lattice"
target = "bcm2712"
digest = "sha256:84df0e5e38e7852d61163273754822def60d51e95a8b86202a266ee2ac365257"
reference = "bcm2712/quota_manager:0.0.1"

[[artifact]]
kind = "module"
name = "range_supervisor"
project = "lattice"
target = "bcm2712"
digest = "sha256:2a7f6ce1251f6f18221378991e2fdafdcfad1a146853786a4107e90cd3ca0775"
reference = "bcm2712/range_supervisor:0.0.1"

[[artifact]]
kind = "module"
name = "redis_client"
project = "lattice"
target = "bcm2712"
digest = "sha256:5a0aa4c3bbf6decd7610c11d5080da6e7c69c8eda60700bad1a40108c08fb9fb"
reference = "bcm2712/redis_client:0.0.1"

[[artifact]]
kind = "module"
name = "redis_edge_anchor"
project = "lattice"
target = "bcm2712"
digest = "sha256:7b01f08e20496c83e6ac71f38868365018c1589e506ed52c7164e91d6311bdae"
reference = "bcm2712/redis_edge_anchor:0.0.1"

[[artifact]]
kind = "module"
name = "relational_executor"
project = "lattice"
target = "bcm2712"
digest = "sha256:e09af80ead22641af804ce72d6e51e39c6c9df9a36d6214d33165806b9a1614a"
reference = "bcm2712/relational_executor:0.0.1"

[[artifact]]
kind = "module"
name = "timestamp_allocator"
project = "lattice"
target = "bcm2712"
digest = "sha256:b327409de6f1049a8af3bbf19e316694e10cd73d9bac5057847ef01aeb4214da"
reference = "bcm2712/timestamp_allocator:0.0.1"

[[artifact]]
kind = "module"
name = "ttl_scheduler"
project = "lattice"
target = "bcm2712"
digest = "sha256:884cd8adc368f6a9eeecbce9e9b6cedda87e843cae3c6e2b9a6ec5e147ab0e96"
reference = "bcm2712/ttl_scheduler:0.0.1"

[[artifact]]
kind = "module"
name = "txn_coordinator"
project = "lattice"
target = "bcm2712"
digest = "sha256:9d4929ea921117cfbffde6fa622f16a64223e5869372596f9c4f5450261d62f7"
reference = "bcm2712/txn_coordinator:0.0.1"

[[artifact]]
kind = "module"
name = "watch_fanout"
project = "lattice"
target = "bcm2712"
digest = "sha256:e3c5a575186dcb3f0de329fa01a02fb52bbd59449decfebd06e5cc4d9609a778"
reference = "bcm2712/watch_fanout:0.0.1"

[[artifact]]
kind = "module"
name = "watch_registry"
project = "lattice"
target = "bcm2712"
digest = "sha256:68ec805eb132a25444d3e57d14cd92aa4ca9e5e3dec4a89056d66975dd18917f"
reference = "bcm2712/watch_registry:0.0.1"

[[artifact]]
kind = "module"
name = "wide_edge_anchor"
project = "lattice"
target = "bcm2712"
digest = "sha256:972d295524c46cae733247512e7fa5df3133b2616fbbb1620c88f669727aa42d"
reference = "bcm2712/wide_edge_anchor:0.0.1"

[[artifact]]
kind = "module"
name = "admin_router"
project = "loam"
target = "bcm2712"
digest = "sha256:5b800595f886082f31e90e68a3171e2722aaf98947365f61afc78022768e28f3"
reference = "bcm2712/admin_router:0.0.1"

[[artifact]]
kind = "module"
name = "block_allocator"
project = "loam"
target = "bcm2712"
digest = "sha256:589cefabfdb78a06727dd51a6e366342b5808bd6a08e27676d799919efab1055"
reference = "bcm2712/block_allocator:0.0.1"

[[artifact]]
kind = "module"
name = "block_log"
project = "loam"
target = "bcm2712"
digest = "sha256:e5d61174ffc708fde66a828ae6f558d0d674fa56198ea0490fd79abd6fdf5317"
reference = "bcm2712/block_log:0.0.1"

[[artifact]]
kind = "module"
name = "body_e2e_probe"
project = "loam"
target = "bcm2712"
digest = "sha256:04325c7ec614ad1250e2ca3bd6ee3b5544e0051220176c3f4cb28c17a3b69789"
reference = "bcm2712/body_e2e_probe:0.0.1"

[[artifact]]
kind = "module"
name = "body_fanout_router"
project = "loam"
target = "bcm2712"
digest = "sha256:6756b9266aa7491306c93f9198f4b48baa4c3c5a6d79b85123586570e1103618"
reference = "bcm2712/body_fanout_router:0.0.1"

[[artifact]]
kind = "module"
name = "body_store"
project = "loam"
target = "bcm2712"
digest = "sha256:7b0895a67fb18acbddc60063b9146cca4b4752594349e9eec74c95ab3c81270e"
reference = "bcm2712/body_store:0.0.1"

[[artifact]]
kind = "module"
name = "cache_manager"
project = "loam"
target = "bcm2712"
digest = "sha256:77132d34853e34dae4d5e888d5767b12ddf659c7e4db7d5a2faad2709248cb6b"
reference = "bcm2712/cache_manager:0.0.1"

[[artifact]]
kind = "module"
name = "clustor_bridge"
project = "loam"
target = "bcm2712"
digest = "sha256:1549c013bbd7750c76fdd20485f6970dd9b9f680d5a4f464b5f4dfc94ab4ef90"
reference = "bcm2712/clustor_bridge:0.0.1"

[[artifact]]
kind = "module"
name = "ec_body_router"
project = "loam"
target = "bcm2712"
digest = "sha256:d6b352173400adc7f1c2cf15971e22939025e36e93606b37a6c0baf8a370b14b"
reference = "bcm2712/ec_body_router:0.0.1"

[[artifact]]
kind = "module"
name = "io_scheduler"
project = "loam"
target = "bcm2712"
digest = "sha256:b63487992111f22e24db182e717408f5afb1ee470c94aace53a035efda6be581"
reference = "bcm2712/io_scheduler:0.0.1"

[[artifact]]
kind = "module"
name = "loam_load_gen"
project = "loam"
target = "bcm2712"
digest = "sha256:e884bc6ffc5582bc07cb86a67bc630771ae4fd35b7925cdd57b36d981e50108a"
reference = "bcm2712/loam_load_gen:0.0.1"

[[artifact]]
kind = "module"
name = "loam_throughput_counter"
project = "loam"
target = "bcm2712"
digest = "sha256:85dcf89cf031da9cc345b3061caa319cf2d96bbd8cfcb7c44ad1fa6add8194c5"
reference = "bcm2712/loam_throughput_counter:0.0.1"

[[artifact]]
kind = "module"
name = "metadata_e2e_probe"
project = "loam"
target = "bcm2712"
digest = "sha256:e3a86fe34b11b7cc5d734e0445188aca8cc16baf39f56a976ad4db23c0e7f034"
reference = "bcm2712/metadata_e2e_probe:0.0.1"

[[artifact]]
kind = "module"
name = "namespace_router"
project = "loam"
target = "bcm2712"
digest = "sha256:d0f767d9e39fc8de0717a29919082c47d32bb2f4ec843ff5efeaaf95a43915ed"
reference = "bcm2712/namespace_router:0.0.1"

[[artifact]]
kind = "module"
name = "object_index"
project = "loam"
target = "bcm2712"
digest = "sha256:1f22801ad96d5fe52d6348bd0076f03c62583a558be96db090cad5f082f1e2bc"
reference = "bcm2712/object_index:0.0.1"

[[artifact]]
kind = "module"
name = "placement_router"
project = "loam"
target = "bcm2712"
digest = "sha256:b1f07afd2bb6b8dc46a8e2ebd9c712aa1dcc50f35575ad9dbf988c8f6fd99354"
reference = "bcm2712/placement_router:0.0.1"

[[artifact]]
kind = "module"
name = "raft_metadata_client"
project = "loam"
target = "bcm2712"
digest = "sha256:16f7f973475ccb60ea4b6582a94706c5dacf504516285c639d3819976cb7ba18"
reference = "bcm2712/raft_metadata_client:0.0.1"

[[artifact]]
kind = "module"
name = "telemetry_agg"
project = "loam"
target = "bcm2712"
digest = "sha256:94d3e63ae11b10e3777f4395127392695207d0c52e194a901f9a649f8d7d2946"
reference = "bcm2712/telemetry_agg:0.0.1"

[[artifact]]
kind = "module"
name = "amqp_client"
project = "quantum"
target = "bcm2712"
digest = "sha256:ba6e28c5a0199ee518a2be3905cb3c7287a01e55038dec0453b9ed530ff45375"
reference = "bcm2712/amqp_client:0.0.1"

[[artifact]]
kind = "module"
name = "amqp_sink"
project = "quantum"
target = "bcm2712"
digest = "sha256:8df60854331f766c76881e00a90a421150d1178c2c7072ebc5e8d4682081db5a"
reference = "bcm2712/amqp_sink:0.0.1"

[[artifact]]
kind = "module"
name = "capability_registry"
project = "quantum"
target = "bcm2712"
digest = "sha256:d8f31e17f260ad268b1c0f6c93f80f1b9d5476936284f4690406b6ee73a2f49c"
reference = "bcm2712/capability_registry:0.0.1"

[[artifact]]
kind = "module"
name = "flow"
project = "quantum"
target = "bcm2712"
digest = "sha256:0e36c101289247127b1113b6392d7d4b7db2f930129360a722ecc5df64a17cff"
reference = "bcm2712/flow:0.0.1"

[[artifact]]
kind = "module"
name = "forward_coordinator"
project = "quantum"
target = "bcm2712"
digest = "sha256:f84ee9734063d99ed6f6dfbeb30b68dc0c051bd732582fb964f048c899ec72ea"
reference = "bcm2712/forward_coordinator:0.0.1"

[[artifact]]
kind = "module"
name = "governance"
project = "quantum"
target = "bcm2712"
digest = "sha256:77f389835a905944bee9d0df36f1693e9b41fa0b427878a6e774cfdb853844dc"
reference = "bcm2712/governance:0.0.1"

[[artifact]]
kind = "module"
name = "kafka_client"
project = "quantum"
target = "bcm2712"
digest = "sha256:716273dea4a01e84e81b33313ebdbaad4eaf16b0d6ee63d8df89082d6c7b4c73"
reference = "bcm2712/kafka_client:0.0.1"

[[artifact]]
kind = "module"
name = "kafka_sink"
project = "quantum"
target = "bcm2712"
digest = "sha256:8e7073d05fdbe68426033152dc7843a09a705eb9af858a81df04a419bf407513"
reference = "bcm2712/kafka_sink:0.0.1"

[[artifact]]
kind = "module"
name = "messaging"
project = "quantum"
target = "bcm2712"
digest = "sha256:26728653b32c121267f4e05774bfbeee14a0376eb87cb8e7ea2462a823628bcc"
reference = "bcm2712/messaging:0.0.1"

[[artifact]]
kind = "module"
name = "mqtt_client"
project = "quantum"
target = "bcm2712"
digest = "sha256:233d7ae5eba3ddec83cb7cea445e1f794860d1fd49bd304cfe40436e46056ccc"
reference = "bcm2712/mqtt_client:0.0.1"

[[artifact]]
kind = "module"
name = "mqtt_quic_adapter"
project = "quantum"
target = "bcm2712"
digest = "sha256:b1e250fa478e6c6840f55b5f42740959c71153d4cb1932ace52d3b713f6f2d05"
reference = "bcm2712/mqtt_quic_adapter:0.0.1"

[[artifact]]
kind = "module"
name = "mqtt_sink"
project = "quantum"
target = "bcm2712"
digest = "sha256:7d00ff5a83989805b6e29eca14e90b7adcece3e7cebe3bfe734f8427f5400c40"
reference = "bcm2712/mqtt_sink:0.0.1"

[[artifact]]
kind = "module"
name = "nats_client"
project = "quantum"
target = "bcm2712"
digest = "sha256:6068f273ace77aed6ecbfd07b80bbe222e76aaaaeac4653bc1c3773b140176de"
reference = "bcm2712/nats_client:0.0.1"

[[artifact]]
kind = "module"
name = "protocol"
project = "quantum"
target = "bcm2712"
digest = "sha256:cea9ceedf1b8f3654fe1f07ccbffcf553c529464d38a1d82745b8761d7ec09ee"
reference = "bcm2712/protocol:0.0.1"

[[artifact]]
kind = "module"
name = "protocol-amqp"
project = "quantum"
target = "bcm2712"
digest = "sha256:d019218670bd885ffb5128e72a09ae8396dcd08e56c6a37d986806aa167cad05"
reference = "bcm2712/protocol-amqp:0.0.1"

[[artifact]]
kind = "module"
name = "protocol-kafka"
project = "quantum"
target = "bcm2712"
digest = "sha256:3e0a94e195f85b9b443099658b86ac7cfb42738ce864f26eaefd514d1db418e4"
reference = "bcm2712/protocol-kafka:0.0.1"

[[artifact]]
kind = "module"
name = "protocol-mqtt"
project = "quantum"
target = "bcm2712"
digest = "sha256:0f391c9f9a11a2cbc6f7aaa0ec13ae878ed5b744392317646ae87e155395abdf"
reference = "bcm2712/protocol-mqtt:0.0.1"

[[artifact]]
kind = "module"
name = "session_processor"
project = "quantum"
target = "bcm2712"
digest = "sha256:35f07edf3e8544aa8a5863dd333271a1ac86498f3c1364dc829c30a1932d26ab"
reference = "bcm2712/session_processor:0.0.1"

[[artifact]]
kind = "module"
name = "session_processor-amqp"
project = "quantum"
target = "bcm2712"
digest = "sha256:acd9f56fdd96166930dccf139872589eec5a9b7d9968d1ed9766f4dabc641d80"
reference = "bcm2712/session_processor-amqp:0.0.1"

[[artifact]]
kind = "module"
name = "session_processor-kafka"
project = "quantum"
target = "bcm2712"
digest = "sha256:49131c4b80ae1d2d92afb5b22014cb56808144261dcf7fba58fbeb0f1796ed62"
reference = "bcm2712/session_processor-kafka:0.0.1"

[[artifact]]
kind = "module"
name = "session_processor-mqtt"
project = "quantum"
target = "bcm2712"
digest = "sha256:0596569a00aaee4c183e61ce6d11711fa1bdeeccfc23c969139b2f976b7f769e"
reference = "bcm2712/session_processor-mqtt:0.0.1"

[[artifact]]
kind = "module"
name = "topic_engine"
project = "quantum"
target = "bcm2712"
digest = "sha256:886598be6fdeea4786c4e03ebf1c155a26578c427317b221242edbf23862a537"
reference = "bcm2712/topic_engine:0.0.1"

[[artifact]]
kind = "module"
name = "http"
project = "wave"
target = "bcm2712"
digest = "sha256:f93e658e41874668b9bf19da77d365b1f35dd4ac68323c7055090419daf0674f"
reference = "bcm2712/http:0.0.1"

[[artifact]]
kind = "module"
name = "http-app"
project = "wave"
target = "bcm2712"
digest = "sha256:fcedb558f3475f311a5da2720dd3e87f300f8ed0ce72111fdc3056f878c86fdb"
reference = "bcm2712/http-app:0.0.1"

[[artifact]]
kind = "module"
name = "http-h2"
project = "wave"
target = "bcm2712"
digest = "sha256:f70b370090011da5cc83d64d459b0f9c2794cbbbfd885f3f60084dd7b9fe8d6c"
reference = "bcm2712/http-h2:0.0.1"

[[artifact]]
kind = "module"
name = "http-web"
project = "wave"
target = "bcm2712"
digest = "sha256:6aa8edf3d63ebf45ae30af6f96a6e3b0f52079fd603879cef5f8718e99ca124b"
reference = "bcm2712/http-web:0.0.1"

[[artifact]]
kind = "module"
name = "http_echo_app"
project = "wave"
target = "bcm2712"
digest = "sha256:8e32f1b0e26120e553d302f23189b776c6feaf168886a2da65b779aad7b8e0d9"
reference = "bcm2712/http_echo_app:0.0.1"

[[artifact]]
kind = "module"
name = "jitter"
project = "wave"
target = "bcm2712"
digest = "sha256:42349a2700f5d470ec0c837e6d15eb51e9f3a87dcfd0be08ffcfaf194542ebb8"
reference = "bcm2712/jitter:0.0.1"

[[artifact]]
kind = "module"
name = "mail"
project = "wave"
target = "bcm2712"
digest = "sha256:8958865974af87e4581d61450d5311a5595009d997e2da69f721829b767c7403"
reference = "bcm2712/mail:0.0.1"

[[artifact]]
kind = "module"
name = "rtp"
project = "wave"
target = "bcm2712"
digest = "sha256:2003d04fb7ca2bc98cc7bd63a8c74aaaf100299b7ea1640f65a743bbf7bea15e"
reference = "bcm2712/rtp:0.0.1"

[[artifact]]
kind = "module"
name = "s3"
project = "wave"
target = "bcm2712"
digest = "sha256:e0404c83b5cf782a9944619b03e6c2447c2be64ce2a037878e86be7ab6ebd758"
reference = "bcm2712/s3:0.0.1"

[[artifact]]
kind = "module"
name = "sip"
project = "wave"
target = "bcm2712"
digest = "sha256:5acfd8e6dc51aa6670a38e3da3239b7dc3c1c3afbdd67eedb81c65ff54ff1304"
reference = "bcm2712/sip:0.0.1"

[[artifact]]
kind = "module"
name = "smtp"
project = "wave"
target = "bcm2712"
digest = "sha256:94dc61e1220727a454a2a9f7e5f55f726ceaffb2b856877b9919eca2b26cbd4e"
reference = "bcm2712/smtp:0.0.1"

[[artifact]]
kind = "module"
name = "stun"
project = "wave"
target = "bcm2712"
digest = "sha256:b89e77305bd0de03e5406a158bf4ec265bbcb4cc5c24091e3e09eee5daecb7ec"
reference = "bcm2712/stun:0.0.1"

[[artifact]]
kind = "module"
name = "websocket"
project = "wave"
target = "bcm2712"
digest = "sha256:33a0c30f8809c265f50ca4dfad7e23bb60c2080d03a4fbf4c58a9906ba95db6c"
reference = "bcm2712/websocket:0.0.1"

[[artifact]]
kind = "module"
name = "ws_stream"
project = "wave"
target = "bcm2712"
digest = "sha256:1310ee38a108e146f4c0bca78e52ae7bed06d4b8230cfb5419132a3ddd1dfb8e"
reference = "bcm2712/ws_stream:0.0.1"

[[artifact]]
kind = "runtime"
name = "fluxor"
project = "fluxor"
target = "aarch64-unknown-linux-gnu"
digest = "sha256:1396e60df2a87bc1fdade4246030c7c0dfea17b4503d946a96f25f66be6f8368"
reference = "fluxor/run/fluxor-aarch64-unknown-linux-gnu:0.0.1"

[[artifact]]
kind = "runtime"
name = "fluxor-linux"
project = "fluxor"
target = "aarch64-unknown-linux-gnu"
digest = "sha256:f421a66b117ee79b95396548ade17c2c8924fdf74167f5d3f1589b417c784885"
reference = "fluxor/run/fluxor-linux-aarch64-unknown-linux-gnu:0.0.1"

[[artifact]]
kind = "source"
name = "clustor-common"
project = "clustor"
digest = "sha256:792cebdafeb51139ce2b1d0ef94d520a3754191bf7a0fd735668fb87b54d0586"
reference = "clustor/src/clustor-common:0.0.1"

[[artifact]]
kind = "source"
name = "fluxor-abi"
project = "fluxor"
digest = "sha256:1b1486cefc914eb6405ce25c917ea41985afa072b95ec882e8a5e1d6a0818d25"
reference = "fluxor/src/fluxor-abi:0.0.1"

[[artifact]]
kind = "source"
name = "fluxor-contracts"
project = "fluxor"
digest = "sha256:73173bcada6e0fe755437e93dff27b3ad447457def95970b57a32313d4a0a9fe"
reference = "fluxor/src/fluxor-contracts:0.0.1"

[[artifact]]
kind = "source"
name = "kagi-common"
project = "kagi"
digest = "sha256:ce7ac55c9d15fe419ae19615e29bc6c99df689af335d6dc76bde330f0bef6a05"
reference = "kagi/src/kagi-common:0.0.1"

[[artifact]]
kind = "source"
name = "lattice-common"
project = "lattice"
digest = "sha256:f488cd1bba1b1b0561c4326d2923ba2c2f6fa287162a4a5c03089408afe29db9"
reference = "lattice/src/lattice-common:0.0.1"

[[artifact]]
kind = "source"
name = "loam-common"
project = "loam"
digest = "sha256:2d09d7326357bfd1a35b25ba231d3f199c1b61a400b3fafc7c2dc68320279ddd"
reference = "loam/src/loam-common:0.0.1"

[[artifact]]
kind = "source"
name = "quantum-common"
project = "quantum"
digest = "sha256:680d90a81909a36d092d4515d4c4c74db06393fd342d2a297a639526cd4cb865"
reference = "quantum/src/quantum-common:0.0.1"

[[artifact]]
kind = "source"
name = "wave-common"
project = "wave"
digest = "sha256:6cf7b1c00b82f1bae302c115c76e86c477b575a13dd983472a262ca7e815ec55"
reference = "wave/src/wave-common:0.0.1"
